// !$*UTF8*$!
{
	archiveVersion = 1;
	classes = {
	};
	objectVersion = 55;
	objects = {

/* Begin PBXBuildFile section */
		0B158C682B1E43BA004EA97A /* Date+ext.swift in Sources */ = {isa = PBXBuildFile; fileRef = 0B158C672B1E43BA004EA97A /* Date+ext.swift */; };
		0B29C8E32B41C66800C4EBEF /* DarwinNotificationService.swift in Sources */ = {isa = PBXBuildFile; fileRef = 0B29C8E22B41C66800C4EBEF /* DarwinNotificationService.swift */; };
		0B29C8E42B41C66800C4EBEF /* DarwinNotificationService.swift in Sources */ = {isa = PBXBuildFile; fileRef = 0B29C8E22B41C66800C4EBEF /* DarwinNotificationService.swift */; };
		0B2D6AE92B25F0CE0074AB48 /* SingleCurrencyView.swift in Sources */ = {isa = PBXBuildFile; fileRef = 0B2D6AE82B25F0CE0074AB48 /* SingleCurrencyView.swift */; };
		0B2D6AEC2B25F19E0074AB48 /* WidgetCurrency.swift in Sources */ = {isa = PBXBuildFile; fileRef = 0B2D6AEB2B25F19E0074AB48 /* WidgetCurrency.swift */; };
		0B30769A2B2A41EE00690727 /* MultipleCurrencyView.swift in Sources */ = {isa = PBXBuildFile; fileRef = 0B3076992B2A41EE00690727 /* MultipleCurrencyView.swift */; };
		0B3815CC2B20E83000D75674 /* Assets.xcassets in Resources */ = {isa = PBXBuildFile; fileRef = 78041C242786F9FB00C4D861 /* Assets.xcassets */; };
		0B3815D02B20F85400D75674 /* WidgetsCoreDataManager.swift in Sources */ = {isa = PBXBuildFile; fileRef = 0B3815CF2B20F85400D75674 /* WidgetsCoreDataManager.swift */; };
		0B3815D12B20F89700D75674 /* WidgetsCoreDataManager.swift in Sources */ = {isa = PBXBuildFile; fileRef = 0B3815CF2B20F85400D75674 /* WidgetsCoreDataManager.swift */; };
		0B3815D82B2101B100D75674 /* Persistence.swift in Sources */ = {isa = PBXBuildFile; fileRef = 0B3815D72B2101B100D75674 /* Persistence.swift */; };
		0B3815D92B21067E00D75674 /* Persistence.swift in Sources */ = {isa = PBXBuildFile; fileRef = 0B3815D72B2101B100D75674 /* Persistence.swift */; };
		0B3815DA2B2107EA00D75674 /* Kursvalut.xcdatamodeld in Sources */ = {isa = PBXBuildFile; fileRef = 78041C212786F9FA00C4D861 /* Kursvalut.xcdatamodeld */; };
		0B4B4C1B2B238E42003B55A5 /* CurrencyData.swift in Sources */ = {isa = PBXBuildFile; fileRef = 0B4B4C1A2B238E42003B55A5 /* CurrencyData.swift */; };
		0B4B4C1D2B238F58003B55A5 /* CurrencyData.swift in Sources */ = {isa = PBXBuildFile; fileRef = 0B4B4C1A2B238E42003B55A5 /* CurrencyData.swift */; };
		0B4B4C1F2B2393BD003B55A5 /* ChangeCurrencyIntent.intentdefinition in Sources */ = {isa = PBXBuildFile; fileRef = 0B4B4C1E2B2393BD003B55A5 /* ChangeCurrencyIntent.intentdefinition */; };
		0B4B4C202B2393BD003B55A5 /* ChangeCurrencyIntent.intentdefinition in Sources */ = {isa = PBXBuildFile; fileRef = 0B4B4C1E2B2393BD003B55A5 /* ChangeCurrencyIntent.intentdefinition */; };
		0B4B4C372B239825003B55A5 /* Intents.framework in Frameworks */ = {isa = PBXBuildFile; fileRef = 0B4B4C262B2397F7003B55A5 /* Intents.framework */; };
		0B4B4C3A2B239825003B55A5 /* IntentHandler.swift in Sources */ = {isa = PBXBuildFile; fileRef = 0B4B4C392B239825003B55A5 /* IntentHandler.swift */; };
		0B4B4C3E2B239825003B55A5 /* WidgetsIntents.appex in Embed Foundation Extensions */ = {isa = PBXBuildFile; fileRef = 0B4B4C362B239825003B55A5 /* WidgetsIntents.appex */; settings = {ATTRIBUTES = (RemoveHeadersOnCopy, ); }; };
		0B4B4C432B2398CA003B55A5 /* ChangeCurrencyIntent.intentdefinition in Sources */ = {isa = PBXBuildFile; fileRef = 0B4B4C1E2B2393BD003B55A5 /* ChangeCurrencyIntent.intentdefinition */; };
		0B4B4C442B23996D003B55A5 /* CurrencyData.swift in Sources */ = {isa = PBXBuildFile; fileRef = 0B4B4C1A2B238E42003B55A5 /* CurrencyData.swift */; };
		0B4B4C462B239D8F003B55A5 /* UserDefaults+Ext.swift in Sources */ = {isa = PBXBuildFile; fileRef = 0B6D80C62B223DE200E2BE25 /* UserDefaults+Ext.swift */; };
		0B6D80C72B223DE200E2BE25 /* UserDefaults+Ext.swift in Sources */ = {isa = PBXBuildFile; fileRef = 0B6D80C62B223DE200E2BE25 /* UserDefaults+Ext.swift */; };
		0B6D80C82B223F3D00E2BE25 /* UserDefaults+Ext.swift in Sources */ = {isa = PBXBuildFile; fileRef = 0B6D80C62B223DE200E2BE25 /* UserDefaults+Ext.swift */; };
		0B81E0B02B3703900011F99D /* String+ext.swift in Sources */ = {isa = PBXBuildFile; fileRef = 0B81E0AF2B3703900011F99D /* String+ext.swift */; };
		0B81E0B12B3703900011F99D /* String+ext.swift in Sources */ = {isa = PBXBuildFile; fileRef = 0B81E0AF2B3703900011F99D /* String+ext.swift */; };
		0B919C6A2B39F16C005C4BB5 /* GoogleService-Info.plist in Resources */ = {isa = PBXBuildFile; fileRef = 0B919C692B39F16C005C4BB5 /* GoogleService-Info.plist */; };
		0B919C6B2B39F16C005C4BB5 /* GoogleService-Info.plist in Resources */ = {isa = PBXBuildFile; fileRef = 0B919C692B39F16C005C4BB5 /* GoogleService-Info.plist */; };
		0B919C6C2B39F16C005C4BB5 /* GoogleService-Info.plist in Resources */ = {isa = PBXBuildFile; fileRef = 0B919C692B39F16C005C4BB5 /* GoogleService-Info.plist */; };
		0B919C6F2B39F469005C4BB5 /* FirebaseMessaging in Frameworks */ = {isa = PBXBuildFile; productRef = 0B919C6E2B39F469005C4BB5 /* FirebaseMessaging */; };
		0B9872EC2B29F4D900A14F5D /* MultipleCurrencyWidget.swift in Sources */ = {isa = PBXBuildFile; fileRef = 0B9872EB2B29F4D900A14F5D /* MultipleCurrencyWidget.swift */; };
		0BA08AC42B441D2200BFF59C /* NotificationPermissionTableViewController.swift in Sources */ = {isa = PBXBuildFile; fileRef = 0BA08AC32B441D2200BFF59C /* NotificationPermissionTableViewController.swift */; };
		0BA08AC62B441DC400BFF59C /* NotificationPermissionTableViewCell.swift in Sources */ = {isa = PBXBuildFile; fileRef = 0BA08AC52B441DC400BFF59C /* NotificationPermissionTableViewCell.swift */; };
		0BAA1F722B1FA18500188959 /* WidgetKit.framework in Frameworks */ = {isa = PBXBuildFile; fileRef = 0BAA1F712B1FA18500188959 /* WidgetKit.framework */; };
		0BAA1F742B1FA18500188959 /* SwiftUI.framework in Frameworks */ = {isa = PBXBuildFile; fileRef = 0BAA1F732B1FA18500188959 /* SwiftUI.framework */; };
		0BAA1F772B1FA18600188959 /* WidgetsBundle.swift in Sources */ = {isa = PBXBuildFile; fileRef = 0BAA1F762B1FA18600188959 /* WidgetsBundle.swift */; };
		0BAA1F792B1FA18600188959 /* SingleCurrencyWidget.swift in Sources */ = {isa = PBXBuildFile; fileRef = 0BAA1F782B1FA18600188959 /* SingleCurrencyWidget.swift */; };
		0BAA1F7B2B1FA18600188959 /* Assets.xcassets in Resources */ = {isa = PBXBuildFile; fileRef = 0BAA1F7A2B1FA18600188959 /* Assets.xcassets */; };
		0BAA1F7F2B1FA18600188959 /* WidgetsExtension.appex in Embed Foundation Extensions */ = {isa = PBXBuildFile; fileRef = 0BAA1F702B1FA18500188959 /* WidgetsExtension.appex */; settings = {ATTRIBUTES = (RemoveHeadersOnCopy, ); }; };
		0BC0086F2B405A4A00775BC2 /* NotificationService.appex in Embed Foundation Extensions */ = {isa = PBXBuildFile; fileRef = 0BC008632B404EA700775BC2 /* NotificationService.appex */; settings = {ATTRIBUTES = (RemoveHeadersOnCopy, ); }; };
		0BC008742B406F7500775BC2 /* UserDefaults+Ext.swift in Sources */ = {isa = PBXBuildFile; fileRef = 0B6D80C62B223DE200E2BE25 /* UserDefaults+Ext.swift */; };
		0BC0087C2B40705600775BC2 /* BankOfRussiaCurrencyData.swift in Sources */ = {isa = PBXBuildFile; fileRef = 7838F8FF27885B86007D34AA /* BankOfRussiaCurrencyData.swift */; };
		0BC0087E2B40706D00775BC2 /* WidgetCurrency.swift in Sources */ = {isa = PBXBuildFile; fileRef = 0B2D6AEB2B25F19E0074AB48 /* WidgetCurrency.swift */; };
		0BC008852B4070AD00775BC2 /* ForexCurrencyData.swift in Sources */ = {isa = PBXBuildFile; fileRef = 78E00278283EA57100EE9B4C /* ForexCurrencyData.swift */; };
		0BC008862B4075EE00775BC2 /* Date+ext.swift in Sources */ = {isa = PBXBuildFile; fileRef = 0B158C672B1E43BA004EA97A /* Date+ext.swift */; };
		0BC008872B407DC400775BC2 /* NotificationService.swift in Sources */ = {isa = PBXBuildFile; fileRef = 0BC008652B404EA700775BC2 /* NotificationService.swift */; };
		0BC0088D2B40876A00775BC2 /* CurrencyManager.swift in Sources */ = {isa = PBXBuildFile; fileRef = 78D3DA0D2787687400A91511 /* CurrencyManager.swift */; };
		0BC0088E2B40877000775BC2 /* CurrencyNetworking.swift in Sources */ = {isa = PBXBuildFile; fileRef = 7838F8FD278856CB007D34AA /* CurrencyNetworking.swift */; };
		0BC0088F2B40877800775BC2 /* CurrencyCoreDataManager.swift in Sources */ = {isa = PBXBuildFile; fileRef = 78D5318F2793058B00EF65B2 /* CurrencyCoreDataManager.swift */; };
		0BC008902B40878200775BC2 /* Persistence.swift in Sources */ = {isa = PBXBuildFile; fileRef = 0B3815D72B2101B100D75674 /* Persistence.swift */; };
		0BC008912B40879000775BC2 /* Kursvalut.xcdatamodeld in Sources */ = {isa = PBXBuildFile; fileRef = 78041C212786F9FA00C4D861 /* Kursvalut.xcdatamodeld */; };
		0BC008922B40879F00775BC2 /* CurrencyData.swift in Sources */ = {isa = PBXBuildFile; fileRef = 0B4B4C1A2B238E42003B55A5 /* CurrencyData.swift */; };
		0BC008932B4087AF00775BC2 /* String+ext.swift in Sources */ = {isa = PBXBuildFile; fileRef = 0B81E0AF2B3703900011F99D /* String+ext.swift */; };
		0BC008942B4087BD00775BC2 /* WidgetsData.swift in Sources */ = {isa = PBXBuildFile; fileRef = 0B4B4C4A2B23B477003B55A5 /* WidgetsData.swift */; };
		0BC813202B25FA7F00AE5AE9 /* Kursvalut.xcdatamodeld in Sources */ = {isa = PBXBuildFile; fileRef = 78041C212786F9FA00C4D861 /* Kursvalut.xcdatamodeld */; };
		0BC813232B25FB2A00AE5AE9 /* WidgetCurrency.swift in Sources */ = {isa = PBXBuildFile; fileRef = 0B2D6AEB2B25F19E0074AB48 /* WidgetCurrency.swift */; };
		0BC813662B26260400AE5AE9 /* TripleCurrencyWidget.swift in Sources */ = {isa = PBXBuildFile; fileRef = 0BC813642B26260400AE5AE9 /* TripleCurrencyWidget.swift */; };
		0BC813692B262A0800AE5AE9 /* RoundedTextView.swift in Sources */ = {isa = PBXBuildFile; fileRef = 0BC813682B262A0800AE5AE9 /* RoundedTextView.swift */; };
		0BC8136B2B26345D00AE5AE9 /* MediumCurrencyView.swift in Sources */ = {isa = PBXBuildFile; fileRef = 0BC8136A2B26345D00AE5AE9 /* MediumCurrencyView.swift */; };
		0BE247CB2B27AD38000C0566 /* Date+ext.swift in Sources */ = {isa = PBXBuildFile; fileRef = 0B158C672B1E43BA004EA97A /* Date+ext.swift */; };
		0BEEC2532B28DDAC00450E0A /* WidgetsData.swift in Sources */ = {isa = PBXBuildFile; fileRef = 0B4B4C4A2B23B477003B55A5 /* WidgetsData.swift */; };
		0BEEC2542B28DDAD00450E0A /* WidgetsData.swift in Sources */ = {isa = PBXBuildFile; fileRef = 0B4B4C4A2B23B477003B55A5 /* WidgetsData.swift */; };
		0BEEC2552B28DDCC00450E0A /* Date+ext.swift in Sources */ = {isa = PBXBuildFile; fileRef = 0B158C672B1E43BA004EA97A /* Date+ext.swift */; };
		0BEEC2562B28DE5300450E0A /* WidgetsData.swift in Sources */ = {isa = PBXBuildFile; fileRef = 0B4B4C4A2B23B477003B55A5 /* WidgetsData.swift */; };
		0BEEC2582B28F04000450E0A /* TripleCurrencyView.swift in Sources */ = {isa = PBXBuildFile; fileRef = 0BEEC2572B28F04000450E0A /* TripleCurrencyView.swift */; };
		0BEEC25A2B28F61E00450E0A /* TripleCurrencyRectangularView.swift in Sources */ = {isa = PBXBuildFile; fileRef = 0BEEC2592B28F61E00450E0A /* TripleCurrencyRectangularView.swift */; };
		0BEEC25E2B28FDDE00450E0A /* WidgetCurrency.swift in Sources */ = {isa = PBXBuildFile; fileRef = 0B2D6AEB2B25F19E0074AB48 /* WidgetCurrency.swift */; };
		0BEEC2642B2904F700450E0A /* MediumCurrencyView.swift in Sources */ = {isa = PBXBuildFile; fileRef = 0BC8136A2B26345D00AE5AE9 /* MediumCurrencyView.swift */; };
		0BFFA66A2B2E019C009EFA34 /* MultipleWidgetSmallView.swift in Sources */ = {isa = PBXBuildFile; fileRef = 0BFFA6692B2E019C009EFA34 /* MultipleWidgetSmallView.swift */; };
		0BFFA66C2B2E0E86009EFA34 /* MultipleWidgetBigView.swift in Sources */ = {isa = PBXBuildFile; fileRef = 0BFFA66B2B2E0E86009EFA34 /* MultipleWidgetBigView.swift */; };
		7802A17327D90C4400769693 /* AboutAppTableViewController.swift in Sources */ = {isa = PBXBuildFile; fileRef = 7802A17227D90C4400769693 /* AboutAppTableViewController.swift */; };
		7802A17727D924E200769693 /* AboutAppDeveloperTableViewCell.swift in Sources */ = {isa = PBXBuildFile; fileRef = 7802A17627D924E200769693 /* AboutAppDeveloperTableViewCell.swift */; };
		78041C192786F9FA00C4D861 /* AppDelegate.swift in Sources */ = {isa = PBXBuildFile; fileRef = 78041C182786F9FA00C4D861 /* AppDelegate.swift */; };
		78041C1B2786F9FA00C4D861 /* SceneDelegate.swift in Sources */ = {isa = PBXBuildFile; fileRef = 78041C1A2786F9FA00C4D861 /* SceneDelegate.swift */; };
		78041C1D2786F9FA00C4D861 /* CurrencyViewController.swift in Sources */ = {isa = PBXBuildFile; fileRef = 78041C1C2786F9FA00C4D861 /* CurrencyViewController.swift */; };
		78041C232786F9FA00C4D861 /* Kursvalut.xcdatamodeld in Sources */ = {isa = PBXBuildFile; fileRef = 78041C212786F9FA00C4D861 /* Kursvalut.xcdatamodeld */; };
		78041C252786F9FB00C4D861 /* Assets.xcassets in Resources */ = {isa = PBXBuildFile; fileRef = 78041C242786F9FB00C4D861 /* Assets.xcassets */; };
		78041C282786F9FB00C4D861 /* LaunchScreen.storyboard in Resources */ = {isa = PBXBuildFile; fileRef = 78041C262786F9FB00C4D861 /* LaunchScreen.storyboard */; };
		780AA2E7280ACE9000ECC3C4 /* OnboardingViewController.swift in Sources */ = {isa = PBXBuildFile; fileRef = 780AA2E6280ACE9000ECC3C4 /* OnboardingViewController.swift */; };
		780AA2EB280ADF7F00ECC3C4 /* OnboardingSlide.swift in Sources */ = {isa = PBXBuildFile; fileRef = 780AA2EA280ADF7F00ECC3C4 /* OnboardingSlide.swift */; };
		780AA2ED280AEA8D00ECC3C4 /* WelcomeOnboardingCollectionViewCell.swift in Sources */ = {isa = PBXBuildFile; fileRef = 780AA2EC280AEA8D00ECC3C4 /* WelcomeOnboardingCollectionViewCell.swift */; };
		7813102827D75FE000065410 /* SMailComposeViewController.swift in Sources */ = {isa = PBXBuildFile; fileRef = 7813102727D75FE000065410 /* SMailComposeViewController.swift */; };
		78137FD72833A78400F4621E /* TutorialViewController.swift in Sources */ = {isa = PBXBuildFile; fileRef = 78137FD62833A78400F4621E /* TutorialViewController.swift */; };
		78137FD92833D9AE00F4621E /* TutorialImageTableViewCell.swift in Sources */ = {isa = PBXBuildFile; fileRef = 78137FD82833D9AE00F4621E /* TutorialImageTableViewCell.swift */; };
		78137FDB2833EC1200F4621E /* UIImage+extension.swift in Sources */ = {isa = PBXBuildFile; fileRef = 78137FDA2833EC1200F4621E /* UIImage+extension.swift */; };
		78137FE52834047400F4621E /* changeCellOrder.gif in Resources */ = {isa = PBXBuildFile; fileRef = 78137FE42834047400F4621E /* changeCellOrder.gif */; };
		78137FEB28340EBB00F4621E /* updateCellData.gif in Resources */ = {isa = PBXBuildFile; fileRef = 78137FEA28340EBB00F4621E /* updateCellData.gif */; };
		78137FED2834127300F4621E /* changeConverterCell.gif in Resources */ = {isa = PBXBuildFile; fileRef = 78137FEC2834127300F4621E /* changeConverterCell.gif */; };
		78137FF12834185D00F4621E /* pickCurrencyForConverter.gif in Resources */ = {isa = PBXBuildFile; fileRef = 78137FF02834185D00F4621E /* pickCurrencyForConverter.gif */; };
		7828734E28145BAC00B65D6F /* TutorialDescriptionTableViewCell.swift in Sources */ = {isa = PBXBuildFile; fileRef = 7828734D28145BAC00B65D6F /* TutorialDescriptionTableViewCell.swift */; };
		7831DAEA28B0FAC4008A1758 /* DatePickerTableViewCell.swift in Sources */ = {isa = PBXBuildFile; fileRef = 7831DAE928B0FAC4008A1758 /* DatePickerTableViewCell.swift */; };
		7838F8FE278856CB007D34AA /* CurrencyNetworking.swift in Sources */ = {isa = PBXBuildFile; fileRef = 7838F8FD278856CB007D34AA /* CurrencyNetworking.swift */; };
		7838F90027885B86007D34AA /* BankOfRussiaCurrencyData.swift in Sources */ = {isa = PBXBuildFile; fileRef = 7838F8FF27885B86007D34AA /* BankOfRussiaCurrencyData.swift */; };
		783BCB9927CD288B00430992 /* DecimalsTableViewCell.swift in Sources */ = {isa = PBXBuildFile; fileRef = 783BCB9827CD288B00430992 /* DecimalsTableViewCell.swift */; };
		7841735C27E645DE00A35530 /* ProViewController.swift in Sources */ = {isa = PBXBuildFile; fileRef = 7841735B27E645DE00A35530 /* ProViewController.swift */; };
		7841735E27E6460000A35530 /* ProTableViewCell.swift in Sources */ = {isa = PBXBuildFile; fileRef = 7841735D27E6460000A35530 /* ProTableViewCell.swift */; };
		78425CD727E104DA007F78F0 /* StoreKit.framework in Frameworks */ = {isa = PBXBuildFile; fileRef = 78425CD627E104DA007F78F0 /* StoreKit.framework */; };
		7852295F279B19E300507877 /* PickCurrencyTableViewController.swift in Sources */ = {isa = PBXBuildFile; fileRef = 7852295E279B19E300507877 /* PickCurrencyTableViewController.swift */; };
		78522961279B1A1B00507877 /* PickCurrencyTableViewCell.swift in Sources */ = {isa = PBXBuildFile; fileRef = 78522960279B1A1B00507877 /* PickCurrencyTableViewCell.swift */; };
		785EFE1F28C4DB8700257C8F /* CustomSortTableViewCell.swift in Sources */ = {isa = PBXBuildFile; fileRef = 785EFE1E28C4DB8700257C8F /* CustomSortTableViewCell.swift */; };
		786479AA27981E410077ABC7 /* ConverterTableViewController.swift in Sources */ = {isa = PBXBuildFile; fileRef = 786479A927981E410077ABC7 /* ConverterTableViewController.swift */; };
		786479AC279825DF0077ABC7 /* ConverterTableViewCell.swift in Sources */ = {isa = PBXBuildFile; fileRef = 786479AB279825DF0077ABC7 /* ConverterTableViewCell.swift */; };
		786A00292839327500D0DAA4 /* CurrencyDataSourceTableViewController.swift in Sources */ = {isa = PBXBuildFile; fileRef = 786A00282839327500D0DAA4 /* CurrencyDataSourceTableViewController.swift */; };
		786A002B283935CA00D0DAA4 /* DataSourceTableViewCell.swift in Sources */ = {isa = PBXBuildFile; fileRef = 786A002A283935CA00D0DAA4 /* DataSourceTableViewCell.swift */; };
		786A002D2839361300D0DAA4 /* PickedBaseCurrencyTableViewCell.swift in Sources */ = {isa = PBXBuildFile; fileRef = 786A002C2839361300D0DAA4 /* PickedBaseCurrencyTableViewCell.swift */; };
		786C01A327DE50E300868EBE /* TipJarTableViewController.swift in Sources */ = {isa = PBXBuildFile; fileRef = 786C01A227DE50E300868EBE /* TipJarTableViewController.swift */; };
		786C01A527DE511400868EBE /* TipJarTableViewCell.swift in Sources */ = {isa = PBXBuildFile; fileRef = 786C01A427DE511400868EBE /* TipJarTableViewCell.swift */; };
		7877053A29B25F2C004C5C1D /* MenuView.swift in Sources */ = {isa = PBXBuildFile; fileRef = 7877053929B25F2C004C5C1D /* MenuView.swift */; };
		7877053C29B2603C004C5C1D /* MenuView.xib in Resources */ = {isa = PBXBuildFile; fileRef = 7877053B29B2603C004C5C1D /* MenuView.xib */; };
		7877053F29B2609E004C5C1D /* MenuTableViewCell.swift in Sources */ = {isa = PBXBuildFile; fileRef = 7877053D29B2609E004C5C1D /* MenuTableViewCell.swift */; };
		787D551927C9364400587653 /* SettingsTableViewController.swift in Sources */ = {isa = PBXBuildFile; fileRef = 787D551827C9364400587653 /* SettingsTableViewController.swift */; };
		787F0A5D27BADE0100DC5F0D /* ConverterManager.swift in Sources */ = {isa = PBXBuildFile; fileRef = 787F0A5C27BADE0100DC5F0D /* ConverterManager.swift */; };
		78871A4B2789F4F700321E98 /* README.md in Resources */ = {isa = PBXBuildFile; fileRef = 78871A4A2789F4F700321E98 /* README.md */; };
		789A767227DA74F700B8EE06 /* AboutAppDataProvidersTableViewCell.swift in Sources */ = {isa = PBXBuildFile; fileRef = 789A767127DA74F700B8EE06 /* AboutAppDataProvidersTableViewCell.swift */; };
		789FD81C288F065C0084468F /* NumpadView.xib in Resources */ = {isa = PBXBuildFile; fileRef = 789FD81B288F065C0084468F /* NumpadView.xib */; };
		789FD81E288F06B80084468F /* NumpadView.swift in Sources */ = {isa = PBXBuildFile; fileRef = 789FD81D288F06B80084468F /* NumpadView.swift */; };
		789FD820288F06E70084468F /* NumpadButton.swift in Sources */ = {isa = PBXBuildFile; fileRef = 789FD81F288F06E70084468F /* NumpadButton.swift */; };
		78B40A1027D659BB0016D9E6 /* PermissionsViewController.swift in Sources */ = {isa = PBXBuildFile; fileRef = 78B40A0F27D659BB0016D9E6 /* PermissionsViewController.swift */; };
		78B40A1327D659F60016D9E6 /* PermissionsTableViewCell.swift in Sources */ = {isa = PBXBuildFile; fileRef = 78B40A1227D659F60016D9E6 /* PermissionsTableViewCell.swift */; };
		78B49AE427CBD3D5003C975D /* DecimalsTableViewController.swift in Sources */ = {isa = PBXBuildFile; fileRef = 78B49AE327CBD3D5003C975D /* DecimalsTableViewController.swift */; };
		78B9F55B2801B5900030ECF4 /* SortingTableViewController.swift in Sources */ = {isa = PBXBuildFile; fileRef = 78B9F55A2801B5900030ECF4 /* SortingTableViewController.swift */; };
		78B9F55D2801B9B50030ECF4 /* MainSortTableViewCell.swift in Sources */ = {isa = PBXBuildFile; fileRef = 78B9F55C2801B9B50030ECF4 /* MainSortTableViewCell.swift */; };
		78B9F55F2801B9F10030ECF4 /* SubSortTableViewCell.swift in Sources */ = {isa = PBXBuildFile; fileRef = 78B9F55E2801B9F10030ECF4 /* SubSortTableViewCell.swift */; };
		78B9F5612801BBAA0030ECF4 /* SortingSection.swift in Sources */ = {isa = PBXBuildFile; fileRef = 78B9F5602801BBAA0030ECF4 /* SortingSection.swift */; };
		78BD46DB27F06B6D002AFDA1 /* PopupView.xib in Resources */ = {isa = PBXBuildFile; fileRef = 78BD46DA27F06B6D002AFDA1 /* PopupView.xib */; };
		78BD46DF27F07460002AFDA1 /* PopupView.swift in Sources */ = {isa = PBXBuildFile; fileRef = 78BD46DE27F07460002AFDA1 /* PopupView.swift */; };
		78C39E05284CBF8600376365 /* BaseCurrencyTableViewController.swift in Sources */ = {isa = PBXBuildFile; fileRef = 78C39E04284CBF8600376365 /* BaseCurrencyTableViewController.swift */; };
		78C39E07284CC0A000376365 /* BaseCurrencyTableViewCell.swift in Sources */ = {isa = PBXBuildFile; fileRef = 78C39E06284CC0A000376365 /* BaseCurrencyTableViewCell.swift */; };
		78C6FAF527D3C160002E35E9 /* ThemeTableViewController.swift in Sources */ = {isa = PBXBuildFile; fileRef = 78C6FAF427D3C160002E35E9 /* ThemeTableViewController.swift */; };
		78C6FAF727D3C188002E35E9 /* ThemeTableViewCell.swift in Sources */ = {isa = PBXBuildFile; fileRef = 78C6FAF627D3C188002E35E9 /* ThemeTableViewCell.swift */; };
		78CEB9AB2813F83900AE0903 /* OnboardingTableViewCell.swift in Sources */ = {isa = PBXBuildFile; fileRef = 78CEB9AA2813F83900AE0903 /* OnboardingTableViewCell.swift */; };
		78D3DA0A2787313D00A91511 /* Main.storyboard in Resources */ = {isa = PBXBuildFile; fileRef = 78041C1E2786F9FA00C4D861 /* Main.storyboard */; };
		78D3DA0C278731DD00A91511 /* CurrencyTableViewCell.swift in Sources */ = {isa = PBXBuildFile; fileRef = 78D3DA0B278731DD00A91511 /* CurrencyTableViewCell.swift */; };
		78D3DA0E2787687400A91511 /* CurrencyManager.swift in Sources */ = {isa = PBXBuildFile; fileRef = 78D3DA0D2787687400A91511 /* CurrencyManager.swift */; };
		78D531902793058B00EF65B2 /* CurrencyCoreDataManager.swift in Sources */ = {isa = PBXBuildFile; fileRef = 78D5318F2793058B00EF65B2 /* CurrencyCoreDataManager.swift */; };
		78D736B929B26157005757AA /* MenuTableViewCell.xib in Resources */ = {isa = PBXBuildFile; fileRef = 78D736B829B26157005757AA /* MenuTableViewCell.xib */; };
		78E00279283EA57100EE9B4C /* ForexCurrencyData.swift in Sources */ = {isa = PBXBuildFile; fileRef = 78E00278283EA57100EE9B4C /* ForexCurrencyData.swift */; };
		78E9B79A27D7956300BB5249 /* PrivacyPolicyViewController.swift in Sources */ = {isa = PBXBuildFile; fileRef = 78E9B79927D7956300BB5249 /* PrivacyPolicyViewController.swift */; };
		78E9B79C27D7958A00BB5249 /* PrivacyPolicyTableViewCell.swift in Sources */ = {isa = PBXBuildFile; fileRef = 78E9B79B27D7958A00BB5249 /* PrivacyPolicyTableViewCell.swift */; };
		78EF7D7E280B3767000CFB46 /* OnboardingCollectionViewCell.swift in Sources */ = {isa = PBXBuildFile; fileRef = 78EF7D7D280B3767000CFB46 /* OnboardingCollectionViewCell.swift */; };
		78F13FF127CE9AC60076613A /* CurrencyPreviewTableViewCell.swift in Sources */ = {isa = PBXBuildFile; fileRef = 78F13FF027CE9AC60076613A /* CurrencyPreviewTableViewCell.swift */; };
		78F13FF327CE9AD80076613A /* ConverterPreviewTableViewCell.swift in Sources */ = {isa = PBXBuildFile; fileRef = 78F13FF227CE9AD80076613A /* ConverterPreviewTableViewCell.swift */; };
		78F2716B27CFDF6000381CA9 /* StartViewTableViewController.swift in Sources */ = {isa = PBXBuildFile; fileRef = 78F2716A27CFDF6000381CA9 /* StartViewTableViewController.swift */; };
		78F2716D27CFE00400381CA9 /* StartViewTableViewCell.swift in Sources */ = {isa = PBXBuildFile; fileRef = 78F2716C27CFE00400381CA9 /* StartViewTableViewCell.swift */; };
		78F73AC229A8F400003BFD47 /* DatePickerView.swift in Sources */ = {isa = PBXBuildFile; fileRef = 78F73AC129A8F400003BFD47 /* DatePickerView.swift */; };
		78F73AC429A8F416003BFD47 /* DatePickerView.xib in Resources */ = {isa = PBXBuildFile; fileRef = 78F73AC329A8F416003BFD47 /* DatePickerView.xib */; };
		78FE672628AC15E90091A1A3 /* ConcreteDateTableViewCell.swift in Sources */ = {isa = PBXBuildFile; fileRef = 78FE672528AC15E90091A1A3 /* ConcreteDateTableViewCell.swift */; };
		78FECEAD299C0F9B00A6C597 /* PopupQueueManager.swift in Sources */ = {isa = PBXBuildFile; fileRef = 78FECEAC299C0F9B00A6C597 /* PopupQueueManager.swift */; };
/* End PBXBuildFile section */

/* Begin PBXContainerItemProxy section */
		0B4B4C3C2B239825003B55A5 /* PBXContainerItemProxy */ = {
			isa = PBXContainerItemProxy;
			containerPortal = 78041C0D2786F9FA00C4D861 /* Project object */;
			proxyType = 1;
			remoteGlobalIDString = 0B4B4C352B239825003B55A5;
			remoteInfo = WidgetsIntents;
		};
		0BAA1F7D2B1FA18600188959 /* PBXContainerItemProxy */ = {
			isa = PBXContainerItemProxy;
			containerPortal = 78041C0D2786F9FA00C4D861 /* Project object */;
			proxyType = 1;
			remoteGlobalIDString = 0BAA1F6F2B1FA18500188959;
			remoteInfo = WidgetsExtension;
		};
		0BC008702B405A4A00775BC2 /* PBXContainerItemProxy */ = {
			isa = PBXContainerItemProxy;
			containerPortal = 78041C0D2786F9FA00C4D861 /* Project object */;
			proxyType = 1;
			remoteGlobalIDString = 0BC008622B404EA700775BC2;
			remoteInfo = NotificationService;
		};
/* End PBXContainerItemProxy section */

/* Begin PBXCopyFilesBuildPhase section */
		0BAA1F802B1FA18600188959 /* Embed Foundation Extensions */ = {
			isa = PBXCopyFilesBuildPhase;
			buildActionMask = 12;
			dstPath = "";
			dstSubfolderSpec = 13;
			files = (
				0B4B4C3E2B239825003B55A5 /* WidgetsIntents.appex in Embed Foundation Extensions */,
				0BC0086F2B405A4A00775BC2 /* NotificationService.appex in Embed Foundation Extensions */,
				0BAA1F7F2B1FA18600188959 /* WidgetsExtension.appex in Embed Foundation Extensions */,
			);
			name = "Embed Foundation Extensions";
			runOnlyForDeploymentPostprocessing = 0;
		};
/* End PBXCopyFilesBuildPhase section */

/* Begin PBXFileReference section */
		0B158C672B1E43BA004EA97A /* Date+ext.swift */ = {isa = PBXFileReference; lastKnownFileType = sourcecode.swift; path = "Date+ext.swift"; sourceTree = "<group>"; };
		0B158C692B1E4B68004EA97A /* Kursvalut_v3.xcdatamodel */ = {isa = PBXFileReference; lastKnownFileType = wrapper.xcdatamodel; path = Kursvalut_v3.xcdatamodel; sourceTree = "<group>"; };
		0B29C8E22B41C66800C4EBEF /* DarwinNotificationService.swift */ = {isa = PBXFileReference; lastKnownFileType = sourcecode.swift; path = DarwinNotificationService.swift; sourceTree = "<group>"; };
		0B2D6AE82B25F0CE0074AB48 /* SingleCurrencyView.swift */ = {isa = PBXFileReference; lastKnownFileType = sourcecode.swift; path = SingleCurrencyView.swift; sourceTree = "<group>"; };
		0B2D6AEB2B25F19E0074AB48 /* WidgetCurrency.swift */ = {isa = PBXFileReference; lastKnownFileType = sourcecode.swift; path = WidgetCurrency.swift; sourceTree = "<group>"; };
		0B3076992B2A41EE00690727 /* MultipleCurrencyView.swift */ = {isa = PBXFileReference; lastKnownFileType = sourcecode.swift; path = MultipleCurrencyView.swift; sourceTree = "<group>"; };
		0B3815CF2B20F85400D75674 /* WidgetsCoreDataManager.swift */ = {isa = PBXFileReference; lastKnownFileType = sourcecode.swift; path = WidgetsCoreDataManager.swift; sourceTree = "<group>"; };
		0B3815D72B2101B100D75674 /* Persistence.swift */ = {isa = PBXFileReference; lastKnownFileType = sourcecode.swift; path = Persistence.swift; sourceTree = "<group>"; };
		0B4B4C1A2B238E42003B55A5 /* CurrencyData.swift */ = {isa = PBXFileReference; lastKnownFileType = sourcecode.swift; path = CurrencyData.swift; sourceTree = "<group>"; };
		0B4B4C1E2B2393BD003B55A5 /* ChangeCurrencyIntent.intentdefinition */ = {isa = PBXFileReference; lastKnownFileType = file.intentdefinition; path = ChangeCurrencyIntent.intentdefinition; sourceTree = "<group>"; };
		0B4B4C262B2397F7003B55A5 /* Intents.framework */ = {isa = PBXFileReference; lastKnownFileType = wrapper.framework; name = Intents.framework; path = System/Library/Frameworks/Intents.framework; sourceTree = SDKROOT; };
		0B4B4C362B239825003B55A5 /* WidgetsIntents.appex */ = {isa = PBXFileReference; explicitFileType = "wrapper.app-extension"; includeInIndex = 0; path = WidgetsIntents.appex; sourceTree = BUILT_PRODUCTS_DIR; };
		0B4B4C392B239825003B55A5 /* IntentHandler.swift */ = {isa = PBXFileReference; lastKnownFileType = sourcecode.swift; path = IntentHandler.swift; sourceTree = "<group>"; };
		0B4B4C3B2B239825003B55A5 /* Info.plist */ = {isa = PBXFileReference; lastKnownFileType = text.plist.xml; path = Info.plist; sourceTree = "<group>"; };
		0B4B4C422B239843003B55A5 /* WidgetsIntents.entitlements */ = {isa = PBXFileReference; lastKnownFileType = text.plist.entitlements; path = WidgetsIntents.entitlements; sourceTree = "<group>"; };
		0B4B4C4A2B23B477003B55A5 /* WidgetsData.swift */ = {isa = PBXFileReference; lastKnownFileType = sourcecode.swift; path = WidgetsData.swift; sourceTree = "<group>"; };
		0B6D80C62B223DE200E2BE25 /* UserDefaults+Ext.swift */ = {isa = PBXFileReference; lastKnownFileType = sourcecode.swift; path = "UserDefaults+Ext.swift"; sourceTree = "<group>"; };
		0B81E0AF2B3703900011F99D /* String+ext.swift */ = {isa = PBXFileReference; lastKnownFileType = sourcecode.swift; path = "String+ext.swift"; sourceTree = "<group>"; };
		0B919C692B39F16C005C4BB5 /* GoogleService-Info.plist */ = {isa = PBXFileReference; fileEncoding = 4; lastKnownFileType = text.plist.xml; path = "GoogleService-Info.plist"; sourceTree = "<group>"; };
		0B9872EB2B29F4D900A14F5D /* MultipleCurrencyWidget.swift */ = {isa = PBXFileReference; lastKnownFileType = sourcecode.swift; path = MultipleCurrencyWidget.swift; sourceTree = "<group>"; };
		0BA08AC32B441D2200BFF59C /* NotificationPermissionTableViewController.swift */ = {isa = PBXFileReference; lastKnownFileType = sourcecode.swift; path = NotificationPermissionTableViewController.swift; sourceTree = "<group>"; };
		0BA08AC52B441DC400BFF59C /* NotificationPermissionTableViewCell.swift */ = {isa = PBXFileReference; lastKnownFileType = sourcecode.swift; path = NotificationPermissionTableViewCell.swift; sourceTree = "<group>"; };
		0BAA1F702B1FA18500188959 /* WidgetsExtension.appex */ = {isa = PBXFileReference; explicitFileType = "wrapper.app-extension"; includeInIndex = 0; path = WidgetsExtension.appex; sourceTree = BUILT_PRODUCTS_DIR; };
		0BAA1F712B1FA18500188959 /* WidgetKit.framework */ = {isa = PBXFileReference; lastKnownFileType = wrapper.framework; name = WidgetKit.framework; path = System/Library/Frameworks/WidgetKit.framework; sourceTree = SDKROOT; };
		0BAA1F732B1FA18500188959 /* SwiftUI.framework */ = {isa = PBXFileReference; lastKnownFileType = wrapper.framework; name = SwiftUI.framework; path = System/Library/Frameworks/SwiftUI.framework; sourceTree = SDKROOT; };
		0BAA1F762B1FA18600188959 /* WidgetsBundle.swift */ = {isa = PBXFileReference; lastKnownFileType = sourcecode.swift; path = WidgetsBundle.swift; sourceTree = "<group>"; };
		0BAA1F782B1FA18600188959 /* SingleCurrencyWidget.swift */ = {isa = PBXFileReference; lastKnownFileType = sourcecode.swift; path = SingleCurrencyWidget.swift; sourceTree = "<group>"; };
		0BAA1F7A2B1FA18600188959 /* Assets.xcassets */ = {isa = PBXFileReference; lastKnownFileType = folder.assetcatalog; path = Assets.xcassets; sourceTree = "<group>"; };
		0BAA1F7C2B1FA18600188959 /* Info.plist */ = {isa = PBXFileReference; lastKnownFileType = text.plist.xml; path = Info.plist; sourceTree = "<group>"; };
		0BAA1F842B1FA1D500188959 /* Kursvalut.entitlements */ = {isa = PBXFileReference; lastKnownFileType = text.plist.entitlements; path = Kursvalut.entitlements; sourceTree = "<group>"; };
		0BAA1F852B1FA25A00188959 /* WidgetsExtension.entitlements */ = {isa = PBXFileReference; lastKnownFileType = text.plist.entitlements; path = WidgetsExtension.entitlements; sourceTree = "<group>"; };
		0BC008632B404EA700775BC2 /* NotificationService.appex */ = {isa = PBXFileReference; explicitFileType = "wrapper.app-extension"; includeInIndex = 0; path = NotificationService.appex; sourceTree = BUILT_PRODUCTS_DIR; };
		0BC008652B404EA700775BC2 /* NotificationService.swift */ = {isa = PBXFileReference; lastKnownFileType = sourcecode.swift; path = NotificationService.swift; sourceTree = "<group>"; };
		0BC008672B404EA700775BC2 /* Info.plist */ = {isa = PBXFileReference; lastKnownFileType = text.plist.xml; path = Info.plist; sourceTree = "<group>"; };
		0BC0086E2B404EDE00775BC2 /* NotificationService.entitlements */ = {isa = PBXFileReference; lastKnownFileType = text.plist.entitlements; path = NotificationService.entitlements; sourceTree = "<group>"; };
		0BC813642B26260400AE5AE9 /* TripleCurrencyWidget.swift */ = {isa = PBXFileReference; lastKnownFileType = sourcecode.swift; path = TripleCurrencyWidget.swift; sourceTree = "<group>"; };
		0BC813682B262A0800AE5AE9 /* RoundedTextView.swift */ = {isa = PBXFileReference; lastKnownFileType = sourcecode.swift; path = RoundedTextView.swift; sourceTree = "<group>"; };
		0BC8136A2B26345D00AE5AE9 /* MediumCurrencyView.swift */ = {isa = PBXFileReference; lastKnownFileType = sourcecode.swift; path = MediumCurrencyView.swift; sourceTree = "<group>"; };
		0BEEC2572B28F04000450E0A /* TripleCurrencyView.swift */ = {isa = PBXFileReference; lastKnownFileType = sourcecode.swift; path = TripleCurrencyView.swift; sourceTree = "<group>"; };
		0BEEC2592B28F61E00450E0A /* TripleCurrencyRectangularView.swift */ = {isa = PBXFileReference; lastKnownFileType = sourcecode.swift; path = TripleCurrencyRectangularView.swift; sourceTree = "<group>"; };
		0BFFA6692B2E019C009EFA34 /* MultipleWidgetSmallView.swift */ = {isa = PBXFileReference; lastKnownFileType = sourcecode.swift; path = MultipleWidgetSmallView.swift; sourceTree = "<group>"; };
		0BFFA66B2B2E0E86009EFA34 /* MultipleWidgetBigView.swift */ = {isa = PBXFileReference; lastKnownFileType = sourcecode.swift; path = MultipleWidgetBigView.swift; sourceTree = "<group>"; };
		7802A17227D90C4400769693 /* AboutAppTableViewController.swift */ = {isa = PBXFileReference; lastKnownFileType = sourcecode.swift; path = AboutAppTableViewController.swift; sourceTree = "<group>"; };
		7802A17627D924E200769693 /* AboutAppDeveloperTableViewCell.swift */ = {isa = PBXFileReference; lastKnownFileType = sourcecode.swift; path = AboutAppDeveloperTableViewCell.swift; sourceTree = "<group>"; };
		78041C152786F9FA00C4D861 /* Kursvalut.app */ = {isa = PBXFileReference; explicitFileType = wrapper.application; includeInIndex = 0; path = Kursvalut.app; sourceTree = BUILT_PRODUCTS_DIR; };
		78041C182786F9FA00C4D861 /* AppDelegate.swift */ = {isa = PBXFileReference; lastKnownFileType = sourcecode.swift; path = AppDelegate.swift; sourceTree = "<group>"; };
		78041C1A2786F9FA00C4D861 /* SceneDelegate.swift */ = {isa = PBXFileReference; lastKnownFileType = sourcecode.swift; path = SceneDelegate.swift; sourceTree = "<group>"; };
		78041C1C2786F9FA00C4D861 /* CurrencyViewController.swift */ = {isa = PBXFileReference; lastKnownFileType = sourcecode.swift; path = CurrencyViewController.swift; sourceTree = "<group>"; };
		78041C1F2786F9FA00C4D861 /* Base */ = {isa = PBXFileReference; lastKnownFileType = file.storyboard; name = Base; path = Base.lproj/Main.storyboard; sourceTree = "<group>"; };
		78041C222786F9FA00C4D861 /* Kursvalut.xcdatamodel */ = {isa = PBXFileReference; lastKnownFileType = wrapper.xcdatamodel; path = Kursvalut.xcdatamodel; sourceTree = "<group>"; };
		78041C242786F9FB00C4D861 /* Assets.xcassets */ = {isa = PBXFileReference; lastKnownFileType = folder.assetcatalog; path = Assets.xcassets; sourceTree = "<group>"; };
		78041C272786F9FB00C4D861 /* Base */ = {isa = PBXFileReference; lastKnownFileType = file.storyboard; name = Base; path = Base.lproj/LaunchScreen.storyboard; sourceTree = "<group>"; };
		78041C292786F9FB00C4D861 /* Info.plist */ = {isa = PBXFileReference; lastKnownFileType = text.plist.xml; path = Info.plist; sourceTree = "<group>"; };
		780AA2E6280ACE9000ECC3C4 /* OnboardingViewController.swift */ = {isa = PBXFileReference; lastKnownFileType = sourcecode.swift; path = OnboardingViewController.swift; sourceTree = "<group>"; };
		780AA2EA280ADF7F00ECC3C4 /* OnboardingSlide.swift */ = {isa = PBXFileReference; lastKnownFileType = sourcecode.swift; path = OnboardingSlide.swift; sourceTree = "<group>"; };
		780AA2EC280AEA8D00ECC3C4 /* WelcomeOnboardingCollectionViewCell.swift */ = {isa = PBXFileReference; lastKnownFileType = sourcecode.swift; path = WelcomeOnboardingCollectionViewCell.swift; sourceTree = "<group>"; };
		7813102727D75FE000065410 /* SMailComposeViewController.swift */ = {isa = PBXFileReference; lastKnownFileType = sourcecode.swift; path = SMailComposeViewController.swift; sourceTree = "<group>"; };
		78137FD62833A78400F4621E /* TutorialViewController.swift */ = {isa = PBXFileReference; lastKnownFileType = sourcecode.swift; path = TutorialViewController.swift; sourceTree = "<group>"; };
		78137FD82833D9AE00F4621E /* TutorialImageTableViewCell.swift */ = {isa = PBXFileReference; lastKnownFileType = sourcecode.swift; path = TutorialImageTableViewCell.swift; sourceTree = "<group>"; };
		78137FDA2833EC1200F4621E /* UIImage+extension.swift */ = {isa = PBXFileReference; lastKnownFileType = sourcecode.swift; path = "UIImage+extension.swift"; sourceTree = "<group>"; };
		78137FE42834047400F4621E /* changeCellOrder.gif */ = {isa = PBXFileReference; lastKnownFileType = image.gif; path = changeCellOrder.gif; sourceTree = "<group>"; };
		78137FEA28340EBB00F4621E /* updateCellData.gif */ = {isa = PBXFileReference; lastKnownFileType = image.gif; path = updateCellData.gif; sourceTree = "<group>"; };
		78137FEC2834127300F4621E /* changeConverterCell.gif */ = {isa = PBXFileReference; lastKnownFileType = image.gif; path = changeConverterCell.gif; sourceTree = "<group>"; };
		78137FF02834185D00F4621E /* pickCurrencyForConverter.gif */ = {isa = PBXFileReference; lastKnownFileType = image.gif; path = pickCurrencyForConverter.gif; sourceTree = "<group>"; };
		7828734D28145BAC00B65D6F /* TutorialDescriptionTableViewCell.swift */ = {isa = PBXFileReference; lastKnownFileType = sourcecode.swift; path = TutorialDescriptionTableViewCell.swift; sourceTree = "<group>"; };
		7831DAE928B0FAC4008A1758 /* DatePickerTableViewCell.swift */ = {isa = PBXFileReference; lastKnownFileType = sourcecode.swift; path = DatePickerTableViewCell.swift; sourceTree = "<group>"; };
		7838F8FD278856CB007D34AA /* CurrencyNetworking.swift */ = {isa = PBXFileReference; lastKnownFileType = sourcecode.swift; path = CurrencyNetworking.swift; sourceTree = "<group>"; };
		7838F8FF27885B86007D34AA /* BankOfRussiaCurrencyData.swift */ = {isa = PBXFileReference; lastKnownFileType = sourcecode.swift; path = BankOfRussiaCurrencyData.swift; sourceTree = "<group>"; };
		783BCB9827CD288B00430992 /* DecimalsTableViewCell.swift */ = {isa = PBXFileReference; lastKnownFileType = sourcecode.swift; path = DecimalsTableViewCell.swift; sourceTree = "<group>"; };
		7841735B27E645DE00A35530 /* ProViewController.swift */ = {isa = PBXFileReference; lastKnownFileType = sourcecode.swift; path = ProViewController.swift; sourceTree = "<group>"; };
		7841735D27E6460000A35530 /* ProTableViewCell.swift */ = {isa = PBXFileReference; lastKnownFileType = sourcecode.swift; path = ProTableViewCell.swift; sourceTree = "<group>"; };
		78425CD627E104DA007F78F0 /* StoreKit.framework */ = {isa = PBXFileReference; lastKnownFileType = wrapper.framework; name = StoreKit.framework; path = System/Library/Frameworks/StoreKit.framework; sourceTree = SDKROOT; };
		7852295E279B19E300507877 /* PickCurrencyTableViewController.swift */ = {isa = PBXFileReference; lastKnownFileType = sourcecode.swift; path = PickCurrencyTableViewController.swift; sourceTree = "<group>"; };
		78522960279B1A1B00507877 /* PickCurrencyTableViewCell.swift */ = {isa = PBXFileReference; lastKnownFileType = sourcecode.swift; path = PickCurrencyTableViewCell.swift; sourceTree = "<group>"; };
		785EFE1E28C4DB8700257C8F /* CustomSortTableViewCell.swift */ = {isa = PBXFileReference; lastKnownFileType = sourcecode.swift; path = CustomSortTableViewCell.swift; sourceTree = "<group>"; };
		786479A927981E410077ABC7 /* ConverterTableViewController.swift */ = {isa = PBXFileReference; lastKnownFileType = sourcecode.swift; path = ConverterTableViewController.swift; sourceTree = "<group>"; };
		786479AB279825DF0077ABC7 /* ConverterTableViewCell.swift */ = {isa = PBXFileReference; lastKnownFileType = sourcecode.swift; path = ConverterTableViewCell.swift; sourceTree = "<group>"; };
		7866D8092A191EEA0001DFF3 /* Kursvalut_v2.xcdatamodel */ = {isa = PBXFileReference; lastKnownFileType = wrapper.xcdatamodel; path = Kursvalut_v2.xcdatamodel; sourceTree = "<group>"; };
		786A00282839327500D0DAA4 /* CurrencyDataSourceTableViewController.swift */ = {isa = PBXFileReference; lastKnownFileType = sourcecode.swift; path = CurrencyDataSourceTableViewController.swift; sourceTree = "<group>"; };
		786A002A283935CA00D0DAA4 /* DataSourceTableViewCell.swift */ = {isa = PBXFileReference; lastKnownFileType = sourcecode.swift; path = DataSourceTableViewCell.swift; sourceTree = "<group>"; };
		786A002C2839361300D0DAA4 /* PickedBaseCurrencyTableViewCell.swift */ = {isa = PBXFileReference; lastKnownFileType = sourcecode.swift; path = PickedBaseCurrencyTableViewCell.swift; sourceTree = "<group>"; };
		786C01A227DE50E300868EBE /* TipJarTableViewController.swift */ = {isa = PBXFileReference; lastKnownFileType = sourcecode.swift; path = TipJarTableViewController.swift; sourceTree = "<group>"; };
		786C01A427DE511400868EBE /* TipJarTableViewCell.swift */ = {isa = PBXFileReference; lastKnownFileType = sourcecode.swift; path = TipJarTableViewCell.swift; sourceTree = "<group>"; };
		7877053929B25F2C004C5C1D /* MenuView.swift */ = {isa = PBXFileReference; lastKnownFileType = sourcecode.swift; path = MenuView.swift; sourceTree = "<group>"; };
		7877053B29B2603C004C5C1D /* MenuView.xib */ = {isa = PBXFileReference; lastKnownFileType = file.xib; path = MenuView.xib; sourceTree = "<group>"; };
		7877053D29B2609E004C5C1D /* MenuTableViewCell.swift */ = {isa = PBXFileReference; lastKnownFileType = sourcecode.swift; path = MenuTableViewCell.swift; sourceTree = "<group>"; };
		787D551827C9364400587653 /* SettingsTableViewController.swift */ = {isa = PBXFileReference; lastKnownFileType = sourcecode.swift; path = SettingsTableViewController.swift; sourceTree = "<group>"; };
		787F0A5C27BADE0100DC5F0D /* ConverterManager.swift */ = {isa = PBXFileReference; lastKnownFileType = sourcecode.swift; path = ConverterManager.swift; sourceTree = "<group>"; };
		78871A4A2789F4F700321E98 /* README.md */ = {isa = PBXFileReference; fileEncoding = 4; lastKnownFileType = net.daringfireball.markdown; path = README.md; sourceTree = "<group>"; };
		789A767127DA74F700B8EE06 /* AboutAppDataProvidersTableViewCell.swift */ = {isa = PBXFileReference; lastKnownFileType = sourcecode.swift; path = AboutAppDataProvidersTableViewCell.swift; sourceTree = "<group>"; };
		789FD81B288F065C0084468F /* NumpadView.xib */ = {isa = PBXFileReference; lastKnownFileType = file.xib; path = NumpadView.xib; sourceTree = "<group>"; };
		789FD81D288F06B80084468F /* NumpadView.swift */ = {isa = PBXFileReference; lastKnownFileType = sourcecode.swift; path = NumpadView.swift; sourceTree = "<group>"; };
		789FD81F288F06E70084468F /* NumpadButton.swift */ = {isa = PBXFileReference; lastKnownFileType = sourcecode.swift; path = NumpadButton.swift; sourceTree = "<group>"; };
		78B40A0F27D659BB0016D9E6 /* PermissionsViewController.swift */ = {isa = PBXFileReference; lastKnownFileType = sourcecode.swift; path = PermissionsViewController.swift; sourceTree = "<group>"; };
		78B40A1227D659F60016D9E6 /* PermissionsTableViewCell.swift */ = {isa = PBXFileReference; lastKnownFileType = sourcecode.swift; path = PermissionsTableViewCell.swift; sourceTree = "<group>"; };
		78B49AE327CBD3D5003C975D /* DecimalsTableViewController.swift */ = {isa = PBXFileReference; lastKnownFileType = sourcecode.swift; path = DecimalsTableViewController.swift; sourceTree = "<group>"; };
		78B9F55A2801B5900030ECF4 /* SortingTableViewController.swift */ = {isa = PBXFileReference; lastKnownFileType = sourcecode.swift; path = SortingTableViewController.swift; sourceTree = "<group>"; };
		78B9F55C2801B9B50030ECF4 /* MainSortTableViewCell.swift */ = {isa = PBXFileReference; lastKnownFileType = sourcecode.swift; path = MainSortTableViewCell.swift; sourceTree = "<group>"; };
		78B9F55E2801B9F10030ECF4 /* SubSortTableViewCell.swift */ = {isa = PBXFileReference; lastKnownFileType = sourcecode.swift; path = SubSortTableViewCell.swift; sourceTree = "<group>"; };
		78B9F5602801BBAA0030ECF4 /* SortingSection.swift */ = {isa = PBXFileReference; lastKnownFileType = sourcecode.swift; path = SortingSection.swift; sourceTree = "<group>"; };
		78BD46DA27F06B6D002AFDA1 /* PopupView.xib */ = {isa = PBXFileReference; lastKnownFileType = file.xib; path = PopupView.xib; sourceTree = "<group>"; };
		78BD46DE27F07460002AFDA1 /* PopupView.swift */ = {isa = PBXFileReference; lastKnownFileType = sourcecode.swift; path = PopupView.swift; sourceTree = "<group>"; };
		78C39E04284CBF8600376365 /* BaseCurrencyTableViewController.swift */ = {isa = PBXFileReference; lastKnownFileType = sourcecode.swift; path = BaseCurrencyTableViewController.swift; sourceTree = "<group>"; };
		78C39E06284CC0A000376365 /* BaseCurrencyTableViewCell.swift */ = {isa = PBXFileReference; lastKnownFileType = sourcecode.swift; path = BaseCurrencyTableViewCell.swift; sourceTree = "<group>"; };
		78C6FAF427D3C160002E35E9 /* ThemeTableViewController.swift */ = {isa = PBXFileReference; lastKnownFileType = sourcecode.swift; path = ThemeTableViewController.swift; sourceTree = "<group>"; };
		78C6FAF627D3C188002E35E9 /* ThemeTableViewCell.swift */ = {isa = PBXFileReference; lastKnownFileType = sourcecode.swift; path = ThemeTableViewCell.swift; sourceTree = "<group>"; };
		78CEB9AA2813F83900AE0903 /* OnboardingTableViewCell.swift */ = {isa = PBXFileReference; lastKnownFileType = sourcecode.swift; path = OnboardingTableViewCell.swift; sourceTree = "<group>"; };
		78D3DA0B278731DD00A91511 /* CurrencyTableViewCell.swift */ = {isa = PBXFileReference; lastKnownFileType = sourcecode.swift; path = CurrencyTableViewCell.swift; sourceTree = "<group>"; };
		78D3DA0D2787687400A91511 /* CurrencyManager.swift */ = {isa = PBXFileReference; lastKnownFileType = sourcecode.swift; path = CurrencyManager.swift; sourceTree = "<group>"; };
		78D5318F2793058B00EF65B2 /* CurrencyCoreDataManager.swift */ = {isa = PBXFileReference; lastKnownFileType = sourcecode.swift; path = CurrencyCoreDataManager.swift; sourceTree = "<group>"; };
		78D736B829B26157005757AA /* MenuTableViewCell.xib */ = {isa = PBXFileReference; lastKnownFileType = file.xib; path = MenuTableViewCell.xib; sourceTree = "<group>"; };
		78E00278283EA57100EE9B4C /* ForexCurrencyData.swift */ = {isa = PBXFileReference; lastKnownFileType = sourcecode.swift; path = ForexCurrencyData.swift; sourceTree = "<group>"; };
		78E9B79927D7956300BB5249 /* PrivacyPolicyViewController.swift */ = {isa = PBXFileReference; lastKnownFileType = sourcecode.swift; path = PrivacyPolicyViewController.swift; sourceTree = "<group>"; };
		78E9B79B27D7958A00BB5249 /* PrivacyPolicyTableViewCell.swift */ = {isa = PBXFileReference; lastKnownFileType = sourcecode.swift; path = PrivacyPolicyTableViewCell.swift; sourceTree = "<group>"; };
		78EF7D7D280B3767000CFB46 /* OnboardingCollectionViewCell.swift */ = {isa = PBXFileReference; lastKnownFileType = sourcecode.swift; path = OnboardingCollectionViewCell.swift; sourceTree = "<group>"; };
		78F13FF027CE9AC60076613A /* CurrencyPreviewTableViewCell.swift */ = {isa = PBXFileReference; lastKnownFileType = sourcecode.swift; path = CurrencyPreviewTableViewCell.swift; sourceTree = "<group>"; };
		78F13FF227CE9AD80076613A /* ConverterPreviewTableViewCell.swift */ = {isa = PBXFileReference; lastKnownFileType = sourcecode.swift; path = ConverterPreviewTableViewCell.swift; sourceTree = "<group>"; };
		78F2716A27CFDF6000381CA9 /* StartViewTableViewController.swift */ = {isa = PBXFileReference; lastKnownFileType = sourcecode.swift; path = StartViewTableViewController.swift; sourceTree = "<group>"; };
		78F2716C27CFE00400381CA9 /* StartViewTableViewCell.swift */ = {isa = PBXFileReference; lastKnownFileType = sourcecode.swift; path = StartViewTableViewCell.swift; sourceTree = "<group>"; };
		78F73AC129A8F400003BFD47 /* DatePickerView.swift */ = {isa = PBXFileReference; lastKnownFileType = sourcecode.swift; path = DatePickerView.swift; sourceTree = "<group>"; };
		78F73AC329A8F416003BFD47 /* DatePickerView.xib */ = {isa = PBXFileReference; lastKnownFileType = file.xib; path = DatePickerView.xib; sourceTree = "<group>"; };
		78FE672528AC15E90091A1A3 /* ConcreteDateTableViewCell.swift */ = {isa = PBXFileReference; lastKnownFileType = sourcecode.swift; path = ConcreteDateTableViewCell.swift; sourceTree = "<group>"; };
		78FECEAC299C0F9B00A6C597 /* PopupQueueManager.swift */ = {isa = PBXFileReference; lastKnownFileType = sourcecode.swift; path = PopupQueueManager.swift; sourceTree = "<group>"; };
/* End PBXFileReference section */

/* Begin PBXFrameworksBuildPhase section */
		0B4B4C332B239825003B55A5 /* Frameworks */ = {
			isa = PBXFrameworksBuildPhase;
			buildActionMask = 2147483647;
			files = (
				0B4B4C372B239825003B55A5 /* Intents.framework in Frameworks */,
			);
			runOnlyForDeploymentPostprocessing = 0;
		};
		0BAA1F6D2B1FA18500188959 /* Frameworks */ = {
			isa = PBXFrameworksBuildPhase;
			buildActionMask = 2147483647;
			files = (
				0BAA1F742B1FA18500188959 /* SwiftUI.framework in Frameworks */,
				0BAA1F722B1FA18500188959 /* WidgetKit.framework in Frameworks */,
			);
			runOnlyForDeploymentPostprocessing = 0;
		};
		0BC008602B404EA700775BC2 /* Frameworks */ = {
			isa = PBXFrameworksBuildPhase;
			buildActionMask = 2147483647;
			files = (
			);
			runOnlyForDeploymentPostprocessing = 0;
		};
		78041C122786F9FA00C4D861 /* Frameworks */ = {
			isa = PBXFrameworksBuildPhase;
			buildActionMask = 2147483647;
			files = (
				0B919C6F2B39F469005C4BB5 /* FirebaseMessaging in Frameworks */,
				78425CD727E104DA007F78F0 /* StoreKit.framework in Frameworks */,
			);
			runOnlyForDeploymentPostprocessing = 0;
		};
/* End PBXFrameworksBuildPhase section */

/* Begin PBXGroup section */
		0B158C662B1E43A6004EA97A /* Extensions */ = {
			isa = PBXGroup;
			children = (
				0B158C672B1E43BA004EA97A /* Date+ext.swift */,
				0B81E0AF2B3703900011F99D /* String+ext.swift */,
				0B6D80C62B223DE200E2BE25 /* UserDefaults+Ext.swift */,
				78137FDA2833EC1200F4621E /* UIImage+extension.swift */,
			);
			path = Extensions;
			sourceTree = "<group>";
		};
		0B4B4C382B239825003B55A5 /* WidgetsIntents */ = {
			isa = PBXGroup;
			children = (
				0B4B4C422B239843003B55A5 /* WidgetsIntents.entitlements */,
				0B4B4C392B239825003B55A5 /* IntentHandler.swift */,
				0B4B4C3B2B239825003B55A5 /* Info.plist */,
			);
			path = WidgetsIntents;
			sourceTree = "<group>";
		};
		0BAA1F752B1FA18600188959 /* Widgets */ = {
			isa = PBXGroup;
			children = (
				0BAA1F762B1FA18600188959 /* WidgetsBundle.swift */,
				0BAA1F782B1FA18600188959 /* SingleCurrencyWidget.swift */,
				0BC813642B26260400AE5AE9 /* TripleCurrencyWidget.swift */,
				0B9872EB2B29F4D900A14F5D /* MultipleCurrencyWidget.swift */,
				0BC813252B260C9300AE5AE9 /* Model */,
				0BC813242B260C8100AE5AE9 /* Views */,
				0BAA1F7A2B1FA18600188959 /* Assets.xcassets */,
				0BAA1F7C2B1FA18600188959 /* Info.plist */,
				0B4B4C1E2B2393BD003B55A5 /* ChangeCurrencyIntent.intentdefinition */,
			);
			path = Widgets;
			sourceTree = "<group>";
		};
		0BC008642B404EA700775BC2 /* NotificationService */ = {
			isa = PBXGroup;
			children = (
				0BC0086E2B404EDE00775BC2 /* NotificationService.entitlements */,
				0BC008652B404EA700775BC2 /* NotificationService.swift */,
				0B29C8E22B41C66800C4EBEF /* DarwinNotificationService.swift */,
				0BC008672B404EA700775BC2 /* Info.plist */,
			);
			path = NotificationService;
			sourceTree = "<group>";
		};
		0BC813242B260C8100AE5AE9 /* Views */ = {
			isa = PBXGroup;
			children = (
				0B2D6AE82B25F0CE0074AB48 /* SingleCurrencyView.swift */,
				0BEEC2572B28F04000450E0A /* TripleCurrencyView.swift */,
				0BC813682B262A0800AE5AE9 /* RoundedTextView.swift */,
				0BC8136A2B26345D00AE5AE9 /* MediumCurrencyView.swift */,
				0BEEC2592B28F61E00450E0A /* TripleCurrencyRectangularView.swift */,
				0B3076992B2A41EE00690727 /* MultipleCurrencyView.swift */,
				0BFFA6692B2E019C009EFA34 /* MultipleWidgetSmallView.swift */,
				0BFFA66B2B2E0E86009EFA34 /* MultipleWidgetBigView.swift */,
			);
			path = Views;
			sourceTree = "<group>";
		};
		0BC813252B260C9300AE5AE9 /* Model */ = {
			isa = PBXGroup;
			children = (
				0B2D6AEB2B25F19E0074AB48 /* WidgetCurrency.swift */,
				0B4B4C4A2B23B477003B55A5 /* WidgetsData.swift */,
				0B3815CF2B20F85400D75674 /* WidgetsCoreDataManager.swift */,
			);
			path = Model;
			sourceTree = "<group>";
		};
		78041C0C2786F9FA00C4D861 = {
			isa = PBXGroup;
			children = (
				0BAA1F852B1FA25A00188959 /* WidgetsExtension.entitlements */,
				78871A4A2789F4F700321E98 /* README.md */,
				78041C172786F9FA00C4D861 /* Kursvalut */,
				0BAA1F752B1FA18600188959 /* Widgets */,
				0B4B4C382B239825003B55A5 /* WidgetsIntents */,
				0BC008642B404EA700775BC2 /* NotificationService */,
				78041C162786F9FA00C4D861 /* Products */,
				78425CD527E104DA007F78F0 /* Frameworks */,
			);
			sourceTree = "<group>";
		};
		78041C162786F9FA00C4D861 /* Products */ = {
			isa = PBXGroup;
			children = (
				78041C152786F9FA00C4D861 /* Kursvalut.app */,
				0BAA1F702B1FA18500188959 /* WidgetsExtension.appex */,
				0B4B4C362B239825003B55A5 /* WidgetsIntents.appex */,
				0BC008632B404EA700775BC2 /* NotificationService.appex */,
			);
			name = Products;
			sourceTree = "<group>";
		};
		78041C172786F9FA00C4D861 /* Kursvalut */ = {
			isa = PBXGroup;
			children = (
				0BAA1F842B1FA1D500188959 /* Kursvalut.entitlements */,
				0B3815D72B2101B100D75674 /* Persistence.swift */,
				78041C182786F9FA00C4D861 /* AppDelegate.swift */,
				78041C1A2786F9FA00C4D861 /* SceneDelegate.swift */,
				78041C2F2786FD0400C4D861 /* Model */,
				78041C302786FD0F00C4D861 /* View */,
				78041C312786FD2800C4D861 /* Controller */,
				78041C322786FD3D00C4D861 /* Support Files */,
				0B158C662B1E43A6004EA97A /* Extensions */,
				0B919C692B39F16C005C4BB5 /* GoogleService-Info.plist */,
				78041C292786F9FB00C4D861 /* Info.plist */,
			);
			path = Kursvalut;
			sourceTree = "<group>";
		};
		78041C2F2786FD0400C4D861 /* Model */ = {
			isa = PBXGroup;
			children = (
				789FD821288F31970084468F /* Numpad */,
				78E0027A283EA91C00EE9B4C /* CurrencyJSONDecodingModels */,
				0B4B4C1A2B238E42003B55A5 /* CurrencyData.swift */,
				78D3DA0D2787687400A91511 /* CurrencyManager.swift */,
				787F0A5C27BADE0100DC5F0D /* ConverterManager.swift */,
				7838F8FD278856CB007D34AA /* CurrencyNetworking.swift */,
				78D5318F2793058B00EF65B2 /* CurrencyCoreDataManager.swift */,
				7813102727D75FE000065410 /* SMailComposeViewController.swift */,
				78BD46DE27F07460002AFDA1 /* PopupView.swift */,
				7877053929B25F2C004C5C1D /* MenuView.swift */,
				78F73AC129A8F400003BFD47 /* DatePickerView.swift */,
				78FECEAC299C0F9B00A6C597 /* PopupQueueManager.swift */,
				78B9F5602801BBAA0030ECF4 /* SortingSection.swift */,
				780AA2EA280ADF7F00ECC3C4 /* OnboardingSlide.swift */,
				78041C212786F9FA00C4D861 /* Kursvalut.xcdatamodeld */,
			);
			path = Model;
			sourceTree = "<group>";
		};
		78041C302786FD0F00C4D861 /* View */ = {
			isa = PBXGroup;
			children = (
				78041C1E2786F9FA00C4D861 /* Main.storyboard */,
				78BD46DA27F06B6D002AFDA1 /* PopupView.xib */,
				789FD81B288F065C0084468F /* NumpadView.xib */,
				78F73AC329A8F416003BFD47 /* DatePickerView.xib */,
				7877053B29B2603C004C5C1D /* MenuView.xib */,
				78D736B829B26157005757AA /* MenuTableViewCell.xib */,
			);
			path = View;
			sourceTree = "<group>";
		};
		78041C312786FD2800C4D861 /* Controller */ = {
			isa = PBXGroup;
			children = (
				7852295B279B173F00507877 /* VC */,
				7852295C279B174700507877 /* Cells */,
			);
			path = Controller;
			sourceTree = "<group>";
		};
		78041C322786FD3D00C4D861 /* Support Files */ = {
			isa = PBXGroup;
			children = (
				78137FF22834190C00F4621E /* Tutorial Gifs */,
				78041C242786F9FB00C4D861 /* Assets.xcassets */,
				78041C262786F9FB00C4D861 /* LaunchScreen.storyboard */,
			);
			path = "Support Files";
			sourceTree = "<group>";
		};
		78137FF22834190C00F4621E /* Tutorial Gifs */ = {
			isa = PBXGroup;
			children = (
				78137FF02834185D00F4621E /* pickCurrencyForConverter.gif */,
				78137FEC2834127300F4621E /* changeConverterCell.gif */,
				78137FEA28340EBB00F4621E /* updateCellData.gif */,
				78137FE42834047400F4621E /* changeCellOrder.gif */,
			);
			path = "Tutorial Gifs";
			sourceTree = "<group>";
		};
		7828734F28146AD700B65D6F /* Onboarding */ = {
			isa = PBXGroup;
			children = (
				780AA2EC280AEA8D00ECC3C4 /* WelcomeOnboardingCollectionViewCell.swift */,
				78EF7D7D280B3767000CFB46 /* OnboardingCollectionViewCell.swift */,
				78CEB9AA2813F83900AE0903 /* OnboardingTableViewCell.swift */,
				78137FD82833D9AE00F4621E /* TutorialImageTableViewCell.swift */,
				7828734D28145BAC00B65D6F /* TutorialDescriptionTableViewCell.swift */,
			);
			path = Onboarding;
			sourceTree = "<group>";
		};
		7828735028146B0000B65D6F /* Sorting */ = {
			isa = PBXGroup;
			children = (
				78B9F55C2801B9B50030ECF4 /* MainSortTableViewCell.swift */,
				78B9F55E2801B9F10030ECF4 /* SubSortTableViewCell.swift */,
				785EFE1E28C4DB8700257C8F /* CustomSortTableViewCell.swift */,
			);
			path = Sorting;
			sourceTree = "<group>";
		};
		78425CD527E104DA007F78F0 /* Frameworks */ = {
			isa = PBXGroup;
			children = (
				78425CD627E104DA007F78F0 /* StoreKit.framework */,
				0BAA1F712B1FA18500188959 /* WidgetKit.framework */,
				0BAA1F732B1FA18500188959 /* SwiftUI.framework */,
				0B4B4C262B2397F7003B55A5 /* Intents.framework */,
			);
			name = Frameworks;
			sourceTree = "<group>";
		};
		7852295B279B173F00507877 /* VC */ = {
			isa = PBXGroup;
			children = (
				78F2716627CFDD6700381CA9 /* CurrencyView */,
				78F2716727CFDD7200381CA9 /* ConverterView */,
				78F2716527CFDD4800381CA9 /* Settings */,
			);
			path = VC;
			sourceTree = "<group>";
		};
		7852295C279B174700507877 /* Cells */ = {
			isa = PBXGroup;
			children = (
				78F2716827CFDD9F00381CA9 /* CurrencyCell */,
				78F2716927CFDDAB00381CA9 /* ConverterCell */,
				78F2716427CFDD1800381CA9 /* Settings */,
			);
			path = Cells;
			sourceTree = "<group>";
		};
		789FD821288F31970084468F /* Numpad */ = {
			isa = PBXGroup;
			children = (
				789FD81D288F06B80084468F /* NumpadView.swift */,
				789FD81F288F06E70084468F /* NumpadButton.swift */,
			);
			path = Numpad;
			sourceTree = "<group>";
		};
		78E0027A283EA91C00EE9B4C /* CurrencyJSONDecodingModels */ = {
			isa = PBXGroup;
			children = (
				7838F8FF27885B86007D34AA /* BankOfRussiaCurrencyData.swift */,
				78E00278283EA57100EE9B4C /* ForexCurrencyData.swift */,
			);
			path = CurrencyJSONDecodingModels;
			sourceTree = "<group>";
		};
		78F2716427CFDD1800381CA9 /* Settings */ = {
			isa = PBXGroup;
			children = (
				783BCB9827CD288B00430992 /* DecimalsTableViewCell.swift */,
				78F13FF027CE9AC60076613A /* CurrencyPreviewTableViewCell.swift */,
				78F13FF227CE9AD80076613A /* ConverterPreviewTableViewCell.swift */,
				78F2716C27CFE00400381CA9 /* StartViewTableViewCell.swift */,
				78C6FAF627D3C188002E35E9 /* ThemeTableViewCell.swift */,
				78B40A1227D659F60016D9E6 /* PermissionsTableViewCell.swift */,
				78E9B79B27D7958A00BB5249 /* PrivacyPolicyTableViewCell.swift */,
				7802A17627D924E200769693 /* AboutAppDeveloperTableViewCell.swift */,
				789A767127DA74F700B8EE06 /* AboutAppDataProvidersTableViewCell.swift */,
				786C01A427DE511400868EBE /* TipJarTableViewCell.swift */,
				7841735D27E6460000A35530 /* ProTableViewCell.swift */,
				786A002A283935CA00D0DAA4 /* DataSourceTableViewCell.swift */,
				786A002C2839361300D0DAA4 /* PickedBaseCurrencyTableViewCell.swift */,
				78C39E06284CC0A000376365 /* BaseCurrencyTableViewCell.swift */,
				78FE672528AC15E90091A1A3 /* ConcreteDateTableViewCell.swift */,
				7831DAE928B0FAC4008A1758 /* DatePickerTableViewCell.swift */,
				0BA08AC52B441DC400BFF59C /* NotificationPermissionTableViewCell.swift */,
				7828735028146B0000B65D6F /* Sorting */,
				7828734F28146AD700B65D6F /* Onboarding */,
			);
			path = Settings;
			sourceTree = "<group>";
		};
		78F2716527CFDD4800381CA9 /* Settings */ = {
			isa = PBXGroup;
			children = (
				787D551827C9364400587653 /* SettingsTableViewController.swift */,
				78B49AE327CBD3D5003C975D /* DecimalsTableViewController.swift */,
				78F2716A27CFDF6000381CA9 /* StartViewTableViewController.swift */,
				78C6FAF427D3C160002E35E9 /* ThemeTableViewController.swift */,
				78B40A0F27D659BB0016D9E6 /* PermissionsViewController.swift */,
				78E9B79927D7956300BB5249 /* PrivacyPolicyViewController.swift */,
				7802A17227D90C4400769693 /* AboutAppTableViewController.swift */,
				786C01A227DE50E300868EBE /* TipJarTableViewController.swift */,
				7841735B27E645DE00A35530 /* ProViewController.swift */,
				78B9F55A2801B5900030ECF4 /* SortingTableViewController.swift */,
				780AA2E6280ACE9000ECC3C4 /* OnboardingViewController.swift */,
				78137FD62833A78400F4621E /* TutorialViewController.swift */,
				786A00282839327500D0DAA4 /* CurrencyDataSourceTableViewController.swift */,
				78C39E04284CBF8600376365 /* BaseCurrencyTableViewController.swift */,
				0BA08AC32B441D2200BFF59C /* NotificationPermissionTableViewController.swift */,
			);
			path = Settings;
			sourceTree = "<group>";
		};
		78F2716627CFDD6700381CA9 /* CurrencyView */ = {
			isa = PBXGroup;
			children = (
				78041C1C2786F9FA00C4D861 /* CurrencyViewController.swift */,
			);
			path = CurrencyView;
			sourceTree = "<group>";
		};
		78F2716727CFDD7200381CA9 /* ConverterView */ = {
			isa = PBXGroup;
			children = (
				786479A927981E410077ABC7 /* ConverterTableViewController.swift */,
				7852295E279B19E300507877 /* PickCurrencyTableViewController.swift */,
			);
			path = ConverterView;
			sourceTree = "<group>";
		};
		78F2716827CFDD9F00381CA9 /* CurrencyCell */ = {
			isa = PBXGroup;
			children = (
				78D3DA0B278731DD00A91511 /* CurrencyTableViewCell.swift */,
				7877053D29B2609E004C5C1D /* MenuTableViewCell.swift */,
			);
			path = CurrencyCell;
			sourceTree = "<group>";
		};
		78F2716927CFDDAB00381CA9 /* ConverterCell */ = {
			isa = PBXGroup;
			children = (
				786479AB279825DF0077ABC7 /* ConverterTableViewCell.swift */,
				78522960279B1A1B00507877 /* PickCurrencyTableViewCell.swift */,
			);
			path = ConverterCell;
			sourceTree = "<group>";
		};
/* End PBXGroup section */

/* Begin PBXNativeTarget section */
		0B4B4C352B239825003B55A5 /* WidgetsIntents */ = {
			isa = PBXNativeTarget;
			buildConfigurationList = 0B4B4C3F2B239825003B55A5 /* Build configuration list for PBXNativeTarget "WidgetsIntents" */;
			buildPhases = (
				0B4B4C322B239825003B55A5 /* Sources */,
				0B4B4C332B239825003B55A5 /* Frameworks */,
				0B4B4C342B239825003B55A5 /* Resources */,
			);
			buildRules = (
			);
			dependencies = (
			);
			name = WidgetsIntents;
			productName = WidgetsIntents;
			productReference = 0B4B4C362B239825003B55A5 /* WidgetsIntents.appex */;
			productType = "com.apple.product-type.app-extension";
		};
		0BAA1F6F2B1FA18500188959 /* WidgetsExtension */ = {
			isa = PBXNativeTarget;
			buildConfigurationList = 0BAA1F832B1FA18600188959 /* Build configuration list for PBXNativeTarget "WidgetsExtension" */;
			buildPhases = (
				0BAA1F6C2B1FA18500188959 /* Sources */,
				0BAA1F6D2B1FA18500188959 /* Frameworks */,
				0BAA1F6E2B1FA18500188959 /* Resources */,
			);
			buildRules = (
			);
			dependencies = (
			);
			name = WidgetsExtension;
			productName = WidgetsExtension;
			productReference = 0BAA1F702B1FA18500188959 /* WidgetsExtension.appex */;
			productType = "com.apple.product-type.app-extension";
		};
		0BC008622B404EA700775BC2 /* NotificationService */ = {
			isa = PBXNativeTarget;
			buildConfigurationList = 0BC0086D2B404EA700775BC2 /* Build configuration list for PBXNativeTarget "NotificationService" */;
			buildPhases = (
				0BC0085F2B404EA700775BC2 /* Sources */,
				0BC008602B404EA700775BC2 /* Frameworks */,
				0BC008612B404EA700775BC2 /* Resources */,
			);
			buildRules = (
			);
			dependencies = (
			);
			name = NotificationService;
			productName = NotificationService;
			productReference = 0BC008632B404EA700775BC2 /* NotificationService.appex */;
			productType = "com.apple.product-type.app-extension";
		};
		78041C142786F9FA00C4D861 /* Kursvalut */ = {
			isa = PBXNativeTarget;
			buildConfigurationList = 78041C2C2786F9FB00C4D861 /* Build configuration list for PBXNativeTarget "Kursvalut" */;
			buildPhases = (
				78041C112786F9FA00C4D861 /* Sources */,
				78041C122786F9FA00C4D861 /* Frameworks */,
				78041C132786F9FA00C4D861 /* Resources */,
				0BAA1F802B1FA18600188959 /* Embed Foundation Extensions */,
			);
			buildRules = (
			);
			dependencies = (
				0BAA1F7E2B1FA18600188959 /* PBXTargetDependency */,
				0B4B4C3D2B239825003B55A5 /* PBXTargetDependency */,
				0BC008712B405A4A00775BC2 /* PBXTargetDependency */,
			);
			name = Kursvalut;
			packageProductDependencies = (
				0B919C6E2B39F469005C4BB5 /* FirebaseMessaging */,
			);
			productName = Kursvalut;
			productReference = 78041C152786F9FA00C4D861 /* Kursvalut.app */;
			productType = "com.apple.product-type.application";
		};
/* End PBXNativeTarget section */

/* Begin PBXProject section */
		78041C0D2786F9FA00C4D861 /* Project object */ = {
			isa = PBXProject;
			attributes = {
				BuildIndependentTargetsInParallel = 1;
				LastSwiftUpdateCheck = 1510;
				LastUpgradeCheck = 1500;
				TargetAttributes = {
					0B4B4C352B239825003B55A5 = {
						CreatedOnToolsVersion = 15.0.1;
					};
					0BAA1F6F2B1FA18500188959 = {
						CreatedOnToolsVersion = 15.0.1;
					};
					0BC008622B404EA700775BC2 = {
						CreatedOnToolsVersion = 15.1;
					};
					78041C142786F9FA00C4D861 = {
						CreatedOnToolsVersion = 13.2.1;
					};
				};
			};
			buildConfigurationList = 78041C102786F9FA00C4D861 /* Build configuration list for PBXProject "Kursvalut" */;
			compatibilityVersion = "Xcode 13.0";
			developmentRegion = ru;
			hasScannedForEncodings = 0;
			knownRegions = (
				en,
				ru,
				Base,
			);
			mainGroup = 78041C0C2786F9FA00C4D861;
			packageReferences = (
				0B919C6D2B39F469005C4BB5 /* XCRemoteSwiftPackageReference "firebase-ios-sdk" */,
			);
			productRefGroup = 78041C162786F9FA00C4D861 /* Products */;
			projectDirPath = "";
			projectRoot = "";
			targets = (
				78041C142786F9FA00C4D861 /* Kursvalut */,
				0BAA1F6F2B1FA18500188959 /* WidgetsExtension */,
				0B4B4C352B239825003B55A5 /* WidgetsIntents */,
				0BC008622B404EA700775BC2 /* NotificationService */,
			);
		};
/* End PBXProject section */

/* Begin PBXResourcesBuildPhase section */
		0B4B4C342B239825003B55A5 /* Resources */ = {
			isa = PBXResourcesBuildPhase;
			buildActionMask = 2147483647;
			files = (
				0B919C6C2B39F16C005C4BB5 /* GoogleService-Info.plist in Resources */,
			);
			runOnlyForDeploymentPostprocessing = 0;
		};
		0BAA1F6E2B1FA18500188959 /* Resources */ = {
			isa = PBXResourcesBuildPhase;
			buildActionMask = 2147483647;
			files = (
				0B3815CC2B20E83000D75674 /* Assets.xcassets in Resources */,
				0BAA1F7B2B1FA18600188959 /* Assets.xcassets in Resources */,
				0B919C6B2B39F16C005C4BB5 /* GoogleService-Info.plist in Resources */,
			);
			runOnlyForDeploymentPostprocessing = 0;
		};
		0BC008612B404EA700775BC2 /* Resources */ = {
			isa = PBXResourcesBuildPhase;
			buildActionMask = 2147483647;
			files = (
			);
			runOnlyForDeploymentPostprocessing = 0;
		};
		78041C132786F9FA00C4D861 /* Resources */ = {
			isa = PBXResourcesBuildPhase;
			buildActionMask = 2147483647;
			files = (
				78D3DA0A2787313D00A91511 /* Main.storyboard in Resources */,
				7877053C29B2603C004C5C1D /* MenuView.xib in Resources */,
				789FD81C288F065C0084468F /* NumpadView.xib in Resources */,
				78137FED2834127300F4621E /* changeConverterCell.gif in Resources */,
				78137FE52834047400F4621E /* changeCellOrder.gif in Resources */,
				78041C282786F9FB00C4D861 /* LaunchScreen.storyboard in Resources */,
				78137FF12834185D00F4621E /* pickCurrencyForConverter.gif in Resources */,
				78137FEB28340EBB00F4621E /* updateCellData.gif in Resources */,
				78D736B929B26157005757AA /* MenuTableViewCell.xib in Resources */,
				78F73AC429A8F416003BFD47 /* DatePickerView.xib in Resources */,
				78BD46DB27F06B6D002AFDA1 /* PopupView.xib in Resources */,
				78871A4B2789F4F700321E98 /* README.md in Resources */,
				78041C252786F9FB00C4D861 /* Assets.xcassets in Resources */,
				0B919C6A2B39F16C005C4BB5 /* GoogleService-Info.plist in Resources */,
			);
			runOnlyForDeploymentPostprocessing = 0;
		};
/* End PBXResourcesBuildPhase section */

/* Begin PBXSourcesBuildPhase section */
		0B4B4C322B239825003B55A5 /* Sources */ = {
			isa = PBXSourcesBuildPhase;
			buildActionMask = 2147483647;
			files = (
				0B4B4C442B23996D003B55A5 /* CurrencyData.swift in Sources */,
				0B4B4C3A2B239825003B55A5 /* IntentHandler.swift in Sources */,
				0BEEC2552B28DDCC00450E0A /* Date+ext.swift in Sources */,
				0B4B4C462B239D8F003B55A5 /* UserDefaults+Ext.swift in Sources */,
				0BEEC2562B28DE5300450E0A /* WidgetsData.swift in Sources */,
				0BEEC25E2B28FDDE00450E0A /* WidgetCurrency.swift in Sources */,
				0B4B4C432B2398CA003B55A5 /* ChangeCurrencyIntent.intentdefinition in Sources */,
				0BEEC2642B2904F700450E0A /* MediumCurrencyView.swift in Sources */,
				0BC813202B25FA7F00AE5AE9 /* Kursvalut.xcdatamodeld in Sources */,
			);
			runOnlyForDeploymentPostprocessing = 0;
		};
		0BAA1F6C2B1FA18500188959 /* Sources */ = {
			isa = PBXSourcesBuildPhase;
			buildActionMask = 2147483647;
			files = (
				0B4B4C202B2393BD003B55A5 /* ChangeCurrencyIntent.intentdefinition in Sources */,
				0B2D6AE92B25F0CE0074AB48 /* SingleCurrencyView.swift in Sources */,
				0BEEC2532B28DDAC00450E0A /* WidgetsData.swift in Sources */,
				0BC8136B2B26345D00AE5AE9 /* MediumCurrencyView.swift in Sources */,
				0BC813692B262A0800AE5AE9 /* RoundedTextView.swift in Sources */,
				0B3815D02B20F85400D75674 /* WidgetsCoreDataManager.swift in Sources */,
				0B81E0B12B3703900011F99D /* String+ext.swift in Sources */,
				0BC813662B26260400AE5AE9 /* TripleCurrencyWidget.swift in Sources */,
				0B3815DA2B2107EA00D75674 /* Kursvalut.xcdatamodeld in Sources */,
				0BFFA66A2B2E019C009EFA34 /* MultipleWidgetSmallView.swift in Sources */,
				0B9872EC2B29F4D900A14F5D /* MultipleCurrencyWidget.swift in Sources */,
				0B4B4C1D2B238F58003B55A5 /* CurrencyData.swift in Sources */,
				0BEEC2582B28F04000450E0A /* TripleCurrencyView.swift in Sources */,
				0BE247CB2B27AD38000C0566 /* Date+ext.swift in Sources */,
				0B6D80C72B223DE200E2BE25 /* UserDefaults+Ext.swift in Sources */,
				0B3815D92B21067E00D75674 /* Persistence.swift in Sources */,
				0BEEC25A2B28F61E00450E0A /* TripleCurrencyRectangularView.swift in Sources */,
				0B2D6AEC2B25F19E0074AB48 /* WidgetCurrency.swift in Sources */,
				0B30769A2B2A41EE00690727 /* MultipleCurrencyView.swift in Sources */,
				0BFFA66C2B2E0E86009EFA34 /* MultipleWidgetBigView.swift in Sources */,
				0BAA1F772B1FA18600188959 /* WidgetsBundle.swift in Sources */,
				0BAA1F792B1FA18600188959 /* SingleCurrencyWidget.swift in Sources */,
			);
			runOnlyForDeploymentPostprocessing = 0;
		};
		0BC0085F2B404EA700775BC2 /* Sources */ = {
			isa = PBXSourcesBuildPhase;
			buildActionMask = 2147483647;
			files = (
				0BC008852B4070AD00775BC2 /* ForexCurrencyData.swift in Sources */,
				0BC0087C2B40705600775BC2 /* BankOfRussiaCurrencyData.swift in Sources */,
				0BC008932B4087AF00775BC2 /* String+ext.swift in Sources */,
				0B29C8E42B41C66800C4EBEF /* DarwinNotificationService.swift in Sources */,
				0BC0088D2B40876A00775BC2 /* CurrencyManager.swift in Sources */,
				0BC0087E2B40706D00775BC2 /* WidgetCurrency.swift in Sources */,
				0BC0088F2B40877800775BC2 /* CurrencyCoreDataManager.swift in Sources */,
				0BC008912B40879000775BC2 /* Kursvalut.xcdatamodeld in Sources */,
				0BC008922B40879F00775BC2 /* CurrencyData.swift in Sources */,
				0BC008742B406F7500775BC2 /* UserDefaults+Ext.swift in Sources */,
				0BC008942B4087BD00775BC2 /* WidgetsData.swift in Sources */,
				0BC008872B407DC400775BC2 /* NotificationService.swift in Sources */,
				0BC0088E2B40877000775BC2 /* CurrencyNetworking.swift in Sources */,
				0BC008862B4075EE00775BC2 /* Date+ext.swift in Sources */,
				0BC008902B40878200775BC2 /* Persistence.swift in Sources */,
			);
			runOnlyForDeploymentPostprocessing = 0;
		};
		78041C112786F9FA00C4D861 /* Sources */ = {
			isa = PBXSourcesBuildPhase;
			buildActionMask = 2147483647;
			files = (
				78FE672628AC15E90091A1A3 /* ConcreteDateTableViewCell.swift in Sources */,
				78E9B79C27D7958A00BB5249 /* PrivacyPolicyTableViewCell.swift in Sources */,
				785EFE1F28C4DB8700257C8F /* CustomSortTableViewCell.swift in Sources */,
				7838F90027885B86007D34AA /* BankOfRussiaCurrencyData.swift in Sources */,
				78137FDB2833EC1200F4621E /* UIImage+extension.swift in Sources */,
				783BCB9927CD288B00430992 /* DecimalsTableViewCell.swift in Sources */,
				0BC813232B25FB2A00AE5AE9 /* WidgetCurrency.swift in Sources */,
				78B9F55F2801B9F10030ECF4 /* SubSortTableViewCell.swift in Sources */,
				7802A17327D90C4400769693 /* AboutAppTableViewController.swift in Sources */,
				78B40A1327D659F60016D9E6 /* PermissionsTableViewCell.swift in Sources */,
				0B4B4C1F2B2393BD003B55A5 /* ChangeCurrencyIntent.intentdefinition in Sources */,
				0BA08AC62B441DC400BFF59C /* NotificationPermissionTableViewCell.swift in Sources */,
				786A002D2839361300D0DAA4 /* PickedBaseCurrencyTableViewCell.swift in Sources */,
				7877053F29B2609E004C5C1D /* MenuTableViewCell.swift in Sources */,
				78F13FF327CE9AD80076613A /* ConverterPreviewTableViewCell.swift in Sources */,
				7813102827D75FE000065410 /* SMailComposeViewController.swift in Sources */,
				7852295F279B19E300507877 /* PickCurrencyTableViewController.swift in Sources */,
				0B158C682B1E43BA004EA97A /* Date+ext.swift in Sources */,
				0BA08AC42B441D2200BFF59C /* NotificationPermissionTableViewController.swift in Sources */,
				78041C1D2786F9FA00C4D861 /* CurrencyViewController.swift in Sources */,
				78BD46DF27F07460002AFDA1 /* PopupView.swift in Sources */,
				78D3DA0E2787687400A91511 /* CurrencyManager.swift in Sources */,
				78D531902793058B00EF65B2 /* CurrencyCoreDataManager.swift in Sources */,
				786C01A327DE50E300868EBE /* TipJarTableViewController.swift in Sources */,
				786A00292839327500D0DAA4 /* CurrencyDataSourceTableViewController.swift in Sources */,
				78C6FAF527D3C160002E35E9 /* ThemeTableViewController.swift in Sources */,
				7828734E28145BAC00B65D6F /* TutorialDescriptionTableViewCell.swift in Sources */,
				789A767227DA74F700B8EE06 /* AboutAppDataProvidersTableViewCell.swift in Sources */,
				7802A17727D924E200769693 /* AboutAppDeveloperTableViewCell.swift in Sources */,
				78EF7D7E280B3767000CFB46 /* OnboardingCollectionViewCell.swift in Sources */,
				78C6FAF727D3C188002E35E9 /* ThemeTableViewCell.swift in Sources */,
				0BEEC2542B28DDAD00450E0A /* WidgetsData.swift in Sources */,
				78CEB9AB2813F83900AE0903 /* OnboardingTableViewCell.swift in Sources */,
				0B6D80C82B223F3D00E2BE25 /* UserDefaults+Ext.swift in Sources */,
				78E9B79A27D7956300BB5249 /* PrivacyPolicyViewController.swift in Sources */,
				7831DAEA28B0FAC4008A1758 /* DatePickerTableViewCell.swift in Sources */,
				78F2716D27CFE00400381CA9 /* StartViewTableViewCell.swift in Sources */,
				78137FD72833A78400F4621E /* TutorialViewController.swift in Sources */,
				0B3815D82B2101B100D75674 /* Persistence.swift in Sources */,
				786C01A527DE511400868EBE /* TipJarTableViewCell.swift in Sources */,
				78041C192786F9FA00C4D861 /* AppDelegate.swift in Sources */,
				0B4B4C1B2B238E42003B55A5 /* CurrencyData.swift in Sources */,
				78041C1B2786F9FA00C4D861 /* SceneDelegate.swift in Sources */,
				0B29C8E32B41C66800C4EBEF /* DarwinNotificationService.swift in Sources */,
				78E00279283EA57100EE9B4C /* ForexCurrencyData.swift in Sources */,
				78F73AC229A8F400003BFD47 /* DatePickerView.swift in Sources */,
				789FD820288F06E70084468F /* NumpadButton.swift in Sources */,
				78522961279B1A1B00507877 /* PickCurrencyTableViewCell.swift in Sources */,
				78D3DA0C278731DD00A91511 /* CurrencyTableViewCell.swift in Sources */,
				786479AA27981E410077ABC7 /* ConverterTableViewController.swift in Sources */,
				78FECEAD299C0F9B00A6C597 /* PopupQueueManager.swift in Sources */,
				7838F8FE278856CB007D34AA /* CurrencyNetworking.swift in Sources */,
				78F2716B27CFDF6000381CA9 /* StartViewTableViewController.swift in Sources */,
				786A002B283935CA00D0DAA4 /* DataSourceTableViewCell.swift in Sources */,
				780AA2EB280ADF7F00ECC3C4 /* OnboardingSlide.swift in Sources */,
				787D551927C9364400587653 /* SettingsTableViewController.swift in Sources */,
				786479AC279825DF0077ABC7 /* ConverterTableViewCell.swift in Sources */,
				78041C232786F9FA00C4D861 /* Kursvalut.xcdatamodeld in Sources */,
				78F13FF127CE9AC60076613A /* CurrencyPreviewTableViewCell.swift in Sources */,
				78B40A1027D659BB0016D9E6 /* PermissionsViewController.swift in Sources */,
				7877053A29B25F2C004C5C1D /* MenuView.swift in Sources */,
				789FD81E288F06B80084468F /* NumpadView.swift in Sources */,
				0B81E0B02B3703900011F99D /* String+ext.swift in Sources */,
				780AA2E7280ACE9000ECC3C4 /* OnboardingViewController.swift in Sources */,
				0B3815D12B20F89700D75674 /* WidgetsCoreDataManager.swift in Sources */,
				78B9F55D2801B9B50030ECF4 /* MainSortTableViewCell.swift in Sources */,
				78B9F5612801BBAA0030ECF4 /* SortingSection.swift in Sources */,
				780AA2ED280AEA8D00ECC3C4 /* WelcomeOnboardingCollectionViewCell.swift in Sources */,
				78137FD92833D9AE00F4621E /* TutorialImageTableViewCell.swift in Sources */,
				7841735E27E6460000A35530 /* ProTableViewCell.swift in Sources */,
				787F0A5D27BADE0100DC5F0D /* ConverterManager.swift in Sources */,
				78B49AE427CBD3D5003C975D /* DecimalsTableViewController.swift in Sources */,
				78C39E05284CBF8600376365 /* BaseCurrencyTableViewController.swift in Sources */,
				7841735C27E645DE00A35530 /* ProViewController.swift in Sources */,
				78C39E07284CC0A000376365 /* BaseCurrencyTableViewCell.swift in Sources */,
				78B9F55B2801B5900030ECF4 /* SortingTableViewController.swift in Sources */,
			);
			runOnlyForDeploymentPostprocessing = 0;
		};
/* End PBXSourcesBuildPhase section */

/* Begin PBXTargetDependency section */
		0B4B4C3D2B239825003B55A5 /* PBXTargetDependency */ = {
			isa = PBXTargetDependency;
			target = 0B4B4C352B239825003B55A5 /* WidgetsIntents */;
			targetProxy = 0B4B4C3C2B239825003B55A5 /* PBXContainerItemProxy */;
		};
		0BAA1F7E2B1FA18600188959 /* PBXTargetDependency */ = {
			isa = PBXTargetDependency;
			target = 0BAA1F6F2B1FA18500188959 /* WidgetsExtension */;
			targetProxy = 0BAA1F7D2B1FA18600188959 /* PBXContainerItemProxy */;
		};
		0BC008712B405A4A00775BC2 /* PBXTargetDependency */ = {
			isa = PBXTargetDependency;
			target = 0BC008622B404EA700775BC2 /* NotificationService */;
			targetProxy = 0BC008702B405A4A00775BC2 /* PBXContainerItemProxy */;
		};
/* End PBXTargetDependency section */

/* Begin PBXVariantGroup section */
		78041C1E2786F9FA00C4D861 /* Main.storyboard */ = {
			isa = PBXVariantGroup;
			children = (
				78041C1F2786F9FA00C4D861 /* Base */,
			);
			name = Main.storyboard;
			sourceTree = "<group>";
		};
		78041C262786F9FB00C4D861 /* LaunchScreen.storyboard */ = {
			isa = PBXVariantGroup;
			children = (
				78041C272786F9FB00C4D861 /* Base */,
			);
			name = LaunchScreen.storyboard;
			sourceTree = "<group>";
		};
/* End PBXVariantGroup section */

/* Begin XCBuildConfiguration section */
		0B4B4C402B239825003B55A5 /* Debug */ = {
			isa = XCBuildConfiguration;
			buildSettings = {
				CLANG_CXX_LANGUAGE_STANDARD = "gnu++20";
				CODE_SIGN_ENTITLEMENTS = WidgetsIntents/WidgetsIntents.entitlements;
				CODE_SIGN_STYLE = Automatic;
				CURRENT_PROJECT_VERSION = 1;
				DEVELOPMENT_TEAM = Y43668Q2S4;
				GCC_C_LANGUAGE_STANDARD = gnu17;
				GENERATE_INFOPLIST_FILE = YES;
				INFOPLIST_FILE = WidgetsIntents/Info.plist;
				INFOPLIST_KEY_CFBundleDisplayName = WidgetsIntents;
				INFOPLIST_KEY_NSHumanReadableCopyright = "";
				IPHONEOS_DEPLOYMENT_TARGET = 16.0;
				LD_RUNPATH_SEARCH_PATHS = (
					"$(inherited)",
					"@executable_path/Frameworks",
					"@executable_path/../../Frameworks",
				);
				LOCALIZATION_PREFERS_STRING_CATALOGS = YES;
				MARKETING_VERSION = 3.0.4;
				PRODUCT_BUNDLE_IDENTIFIER = ru.igorcodes.kursvalut.WidgetsIntents;
				PRODUCT_NAME = "$(TARGET_NAME)";
				SKIP_INSTALL = YES;
				SWIFT_ACTIVE_COMPILATION_CONDITIONS = "DEBUG $(inherited)";
				SWIFT_EMIT_LOC_STRINGS = YES;
				SWIFT_VERSION = 5.0;
				TARGETED_DEVICE_FAMILY = "1,2";
			};
			name = Debug;
		};
		0B4B4C412B239825003B55A5 /* Release */ = {
			isa = XCBuildConfiguration;
			buildSettings = {
				CLANG_CXX_LANGUAGE_STANDARD = "gnu++20";
				CODE_SIGN_ENTITLEMENTS = WidgetsIntents/WidgetsIntents.entitlements;
				CODE_SIGN_STYLE = Automatic;
				CURRENT_PROJECT_VERSION = 1;
				DEVELOPMENT_TEAM = Y43668Q2S4;
				GCC_C_LANGUAGE_STANDARD = gnu17;
				GENERATE_INFOPLIST_FILE = YES;
				INFOPLIST_FILE = WidgetsIntents/Info.plist;
				INFOPLIST_KEY_CFBundleDisplayName = WidgetsIntents;
				INFOPLIST_KEY_NSHumanReadableCopyright = "";
				IPHONEOS_DEPLOYMENT_TARGET = 16.0;
				LD_RUNPATH_SEARCH_PATHS = (
					"$(inherited)",
					"@executable_path/Frameworks",
					"@executable_path/../../Frameworks",
				);
				LOCALIZATION_PREFERS_STRING_CATALOGS = YES;
				MARKETING_VERSION = 3.0.4;
				PRODUCT_BUNDLE_IDENTIFIER = ru.igorcodes.kursvalut.WidgetsIntents;
				PRODUCT_NAME = "$(TARGET_NAME)";
				SKIP_INSTALL = YES;
				SWIFT_EMIT_LOC_STRINGS = YES;
				SWIFT_VERSION = 5.0;
				TARGETED_DEVICE_FAMILY = "1,2";
			};
			name = Release;
		};
		0BAA1F812B1FA18600188959 /* Debug */ = {
			isa = XCBuildConfiguration;
			buildSettings = {
				ASSETCATALOG_COMPILER_GLOBAL_ACCENT_COLOR_NAME = AccentColor;
				ASSETCATALOG_COMPILER_WIDGET_BACKGROUND_COLOR_NAME = WidgetBackground;
				CLANG_CXX_LANGUAGE_STANDARD = "gnu++20";
				CODE_SIGN_ENTITLEMENTS = WidgetsExtension.entitlements;
				CODE_SIGN_STYLE = Automatic;
				CURRENT_PROJECT_VERSION = 1;
				DEVELOPMENT_TEAM = Y43668Q2S4;
				GCC_C_LANGUAGE_STANDARD = gnu17;
				GENERATE_INFOPLIST_FILE = YES;
				INFOPLIST_FILE = Widgets/Info.plist;
				INFOPLIST_KEY_CFBundleDisplayName = Widgets;
				INFOPLIST_KEY_NSHumanReadableCopyright = "";
				IPHONEOS_DEPLOYMENT_TARGET = 16.0;
				LD_RUNPATH_SEARCH_PATHS = (
					"$(inherited)",
					"@executable_path/Frameworks",
					"@executable_path/../../Frameworks",
				);
				LOCALIZATION_PREFERS_STRING_CATALOGS = YES;
				MARKETING_VERSION = 3.0.4;
				PRODUCT_BUNDLE_IDENTIFIER = ru.igorcodes.kursvalut.Widgets;
				PRODUCT_NAME = "$(TARGET_NAME)";
				SKIP_INSTALL = YES;
				SWIFT_ACTIVE_COMPILATION_CONDITIONS = "DEBUG $(inherited)";
				SWIFT_EMIT_LOC_STRINGS = YES;
				SWIFT_VERSION = 5.0;
				TARGETED_DEVICE_FAMILY = "1,2";
			};
			name = Debug;
		};
		0BAA1F822B1FA18600188959 /* Release */ = {
			isa = XCBuildConfiguration;
			buildSettings = {
				ASSETCATALOG_COMPILER_GLOBAL_ACCENT_COLOR_NAME = AccentColor;
				ASSETCATALOG_COMPILER_WIDGET_BACKGROUND_COLOR_NAME = WidgetBackground;
				CLANG_CXX_LANGUAGE_STANDARD = "gnu++20";
				CODE_SIGN_ENTITLEMENTS = WidgetsExtension.entitlements;
				CODE_SIGN_STYLE = Automatic;
				CURRENT_PROJECT_VERSION = 1;
				DEVELOPMENT_TEAM = Y43668Q2S4;
				GCC_C_LANGUAGE_STANDARD = gnu17;
				GENERATE_INFOPLIST_FILE = YES;
				INFOPLIST_FILE = Widgets/Info.plist;
				INFOPLIST_KEY_CFBundleDisplayName = Widgets;
				INFOPLIST_KEY_NSHumanReadableCopyright = "";
				IPHONEOS_DEPLOYMENT_TARGET = 16.0;
				LD_RUNPATH_SEARCH_PATHS = (
					"$(inherited)",
					"@executable_path/Frameworks",
					"@executable_path/../../Frameworks",
				);
				LOCALIZATION_PREFERS_STRING_CATALOGS = YES;
				MARKETING_VERSION = 3.0.4;
				PRODUCT_BUNDLE_IDENTIFIER = ru.igorcodes.kursvalut.Widgets;
				PRODUCT_NAME = "$(TARGET_NAME)";
				SKIP_INSTALL = YES;
				SWIFT_EMIT_LOC_STRINGS = YES;
				SWIFT_VERSION = 5.0;
				TARGETED_DEVICE_FAMILY = "1,2";
			};
			name = Release;
		};
		0BC0086B2B404EA700775BC2 /* Debug */ = {
			isa = XCBuildConfiguration;
			buildSettings = {
				CLANG_CXX_LANGUAGE_STANDARD = "gnu++20";
				CODE_SIGN_ENTITLEMENTS = NotificationService/NotificationService.entitlements;
				CODE_SIGN_STYLE = Automatic;
				CURRENT_PROJECT_VERSION = 1;
				DEVELOPMENT_TEAM = Y43668Q2S4;
				GCC_C_LANGUAGE_STANDARD = gnu17;
				GENERATE_INFOPLIST_FILE = YES;
				INFOPLIST_FILE = NotificationService/Info.plist;
				INFOPLIST_KEY_CFBundleDisplayName = NotificationService;
				INFOPLIST_KEY_NSHumanReadableCopyright = "";
				IPHONEOS_DEPLOYMENT_TARGET = 14.2;
				LD_RUNPATH_SEARCH_PATHS = (
					"$(inherited)",
					"@executable_path/Frameworks",
					"@executable_path/../../Frameworks",
				);
				LOCALIZATION_PREFERS_STRING_CATALOGS = YES;
				MARKETING_VERSION = 3.0.4;
				PRODUCT_BUNDLE_IDENTIFIER = ru.igorcodes.kursvalut.NotificationService;
				PRODUCT_NAME = "$(TARGET_NAME)";
				SKIP_INSTALL = YES;
				SWIFT_ACTIVE_COMPILATION_CONDITIONS = "DEBUG $(inherited)";
				SWIFT_EMIT_LOC_STRINGS = YES;
				SWIFT_VERSION = 5.0;
				TARGETED_DEVICE_FAMILY = "1,2";
			};
			name = Debug;
		};
		0BC0086C2B404EA700775BC2 /* Release */ = {
			isa = XCBuildConfiguration;
			buildSettings = {
				CLANG_CXX_LANGUAGE_STANDARD = "gnu++20";
				CODE_SIGN_ENTITLEMENTS = NotificationService/NotificationService.entitlements;
				CODE_SIGN_STYLE = Automatic;
				CURRENT_PROJECT_VERSION = 1;
				DEVELOPMENT_TEAM = Y43668Q2S4;
				GCC_C_LANGUAGE_STANDARD = gnu17;
				GENERATE_INFOPLIST_FILE = YES;
				INFOPLIST_FILE = NotificationService/Info.plist;
				INFOPLIST_KEY_CFBundleDisplayName = NotificationService;
				INFOPLIST_KEY_NSHumanReadableCopyright = "";
				IPHONEOS_DEPLOYMENT_TARGET = 14.2;
				LD_RUNPATH_SEARCH_PATHS = (
					"$(inherited)",
					"@executable_path/Frameworks",
					"@executable_path/../../Frameworks",
				);
				LOCALIZATION_PREFERS_STRING_CATALOGS = YES;
				MARKETING_VERSION = 3.0.4;
				PRODUCT_BUNDLE_IDENTIFIER = ru.igorcodes.kursvalut.NotificationService;
				PRODUCT_NAME = "$(TARGET_NAME)";
				SKIP_INSTALL = YES;
				SWIFT_EMIT_LOC_STRINGS = YES;
				SWIFT_VERSION = 5.0;
				TARGETED_DEVICE_FAMILY = "1,2";
			};
			name = Release;
		};
		78041C2A2786F9FB00C4D861 /* Debug */ = {
			isa = XCBuildConfiguration;
			buildSettings = {
				ALWAYS_SEARCH_USER_PATHS = NO;
				ASSETCATALOG_COMPILER_GENERATE_SWIFT_ASSET_SYMBOL_EXTENSIONS = YES;
				CLANG_ANALYZER_LOCALIZABILITY_NONLOCALIZED = YES;
				CLANG_ANALYZER_NONNULL = YES;
				CLANG_ANALYZER_NUMBER_OBJECT_CONVERSION = YES_AGGRESSIVE;
				CLANG_CXX_LANGUAGE_STANDARD = "gnu++17";
				CLANG_CXX_LIBRARY = "libc++";
				CLANG_ENABLE_MODULES = YES;
				CLANG_ENABLE_OBJC_ARC = YES;
				CLANG_ENABLE_OBJC_WEAK = YES;
				CLANG_WARN_BLOCK_CAPTURE_AUTORELEASING = YES;
				CLANG_WARN_BOOL_CONVERSION = YES;
				CLANG_WARN_COMMA = YES;
				CLANG_WARN_CONSTANT_CONVERSION = YES;
				CLANG_WARN_DEPRECATED_OBJC_IMPLEMENTATIONS = YES;
				CLANG_WARN_DIRECT_OBJC_ISA_USAGE = YES_ERROR;
				CLANG_WARN_DOCUMENTATION_COMMENTS = YES;
				CLANG_WARN_EMPTY_BODY = YES;
				CLANG_WARN_ENUM_CONVERSION = YES;
				CLANG_WARN_INFINITE_RECURSION = YES;
				CLANG_WARN_INT_CONVERSION = YES;
				CLANG_WARN_NON_LITERAL_NULL_CONVERSION = YES;
				CLANG_WARN_OBJC_IMPLICIT_RETAIN_SELF = YES;
				CLANG_WARN_OBJC_LITERAL_CONVERSION = YES;
				CLANG_WARN_OBJC_ROOT_CLASS = YES_ERROR;
				CLANG_WARN_QUOTED_INCLUDE_IN_FRAMEWORK_HEADER = YES;
				CLANG_WARN_RANGE_LOOP_ANALYSIS = YES;
				CLANG_WARN_STRICT_PROTOTYPES = YES;
				CLANG_WARN_SUSPICIOUS_MOVE = YES;
				CLANG_WARN_UNGUARDED_AVAILABILITY = YES_AGGRESSIVE;
				CLANG_WARN_UNREACHABLE_CODE = YES;
				CLANG_WARN__DUPLICATE_METHOD_MATCH = YES;
				COPY_PHASE_STRIP = NO;
				DEBUG_INFORMATION_FORMAT = dwarf;
				ENABLE_STRICT_OBJC_MSGSEND = YES;
				ENABLE_TESTABILITY = YES;
				ENABLE_USER_SCRIPT_SANDBOXING = YES;
				GCC_C_LANGUAGE_STANDARD = gnu11;
				GCC_DYNAMIC_NO_PIC = NO;
				GCC_NO_COMMON_BLOCKS = YES;
				GCC_OPTIMIZATION_LEVEL = 0;
				GCC_PREPROCESSOR_DEFINITIONS = (
					"DEBUG=1",
					"$(inherited)",
				);
				GCC_WARN_64_TO_32_BIT_CONVERSION = YES;
				GCC_WARN_ABOUT_RETURN_TYPE = YES_ERROR;
				GCC_WARN_UNDECLARED_SELECTOR = YES;
				GCC_WARN_UNINITIALIZED_AUTOS = YES_AGGRESSIVE;
				GCC_WARN_UNUSED_FUNCTION = YES;
				GCC_WARN_UNUSED_VARIABLE = YES;
				IPHONEOS_DEPLOYMENT_TARGET = 14.2;
				MTL_ENABLE_DEBUG_INFO = INCLUDE_SOURCE;
				MTL_FAST_MATH = YES;
				ONLY_ACTIVE_ARCH = YES;
				SDKROOT = iphoneos;
				SWIFT_ACTIVE_COMPILATION_CONDITIONS = DEBUG;
				SWIFT_OPTIMIZATION_LEVEL = "-Onone";
			};
			name = Debug;
		};
		78041C2B2786F9FB00C4D861 /* Release */ = {
			isa = XCBuildConfiguration;
			buildSettings = {
				ALWAYS_SEARCH_USER_PATHS = NO;
				ASSETCATALOG_COMPILER_GENERATE_SWIFT_ASSET_SYMBOL_EXTENSIONS = YES;
				CLANG_ANALYZER_LOCALIZABILITY_NONLOCALIZED = YES;
				CLANG_ANALYZER_NONNULL = YES;
				CLANG_ANALYZER_NUMBER_OBJECT_CONVERSION = YES_AGGRESSIVE;
				CLANG_CXX_LANGUAGE_STANDARD = "gnu++17";
				CLANG_CXX_LIBRARY = "libc++";
				CLANG_ENABLE_MODULES = YES;
				CLANG_ENABLE_OBJC_ARC = YES;
				CLANG_ENABLE_OBJC_WEAK = YES;
				CLANG_WARN_BLOCK_CAPTURE_AUTORELEASING = YES;
				CLANG_WARN_BOOL_CONVERSION = YES;
				CLANG_WARN_COMMA = YES;
				CLANG_WARN_CONSTANT_CONVERSION = YES;
				CLANG_WARN_DEPRECATED_OBJC_IMPLEMENTATIONS = YES;
				CLANG_WARN_DIRECT_OBJC_ISA_USAGE = YES_ERROR;
				CLANG_WARN_DOCUMENTATION_COMMENTS = YES;
				CLANG_WARN_EMPTY_BODY = YES;
				CLANG_WARN_ENUM_CONVERSION = YES;
				CLANG_WARN_INFINITE_RECURSION = YES;
				CLANG_WARN_INT_CONVERSION = YES;
				CLANG_WARN_NON_LITERAL_NULL_CONVERSION = YES;
				CLANG_WARN_OBJC_IMPLICIT_RETAIN_SELF = YES;
				CLANG_WARN_OBJC_LITERAL_CONVERSION = YES;
				CLANG_WARN_OBJC_ROOT_CLASS = YES_ERROR;
				CLANG_WARN_QUOTED_INCLUDE_IN_FRAMEWORK_HEADER = YES;
				CLANG_WARN_RANGE_LOOP_ANALYSIS = YES;
				CLANG_WARN_STRICT_PROTOTYPES = YES;
				CLANG_WARN_SUSPICIOUS_MOVE = YES;
				CLANG_WARN_UNGUARDED_AVAILABILITY = YES_AGGRESSIVE;
				CLANG_WARN_UNREACHABLE_CODE = YES;
				CLANG_WARN__DUPLICATE_METHOD_MATCH = YES;
				COPY_PHASE_STRIP = NO;
				DEBUG_INFORMATION_FORMAT = "dwarf-with-dsym";
				ENABLE_NS_ASSERTIONS = NO;
				ENABLE_STRICT_OBJC_MSGSEND = YES;
				ENABLE_USER_SCRIPT_SANDBOXING = YES;
				GCC_C_LANGUAGE_STANDARD = gnu11;
				GCC_NO_COMMON_BLOCKS = YES;
				GCC_WARN_64_TO_32_BIT_CONVERSION = YES;
				GCC_WARN_ABOUT_RETURN_TYPE = YES_ERROR;
				GCC_WARN_UNDECLARED_SELECTOR = YES;
				GCC_WARN_UNINITIALIZED_AUTOS = YES_AGGRESSIVE;
				GCC_WARN_UNUSED_FUNCTION = YES;
				GCC_WARN_UNUSED_VARIABLE = YES;
				IPHONEOS_DEPLOYMENT_TARGET = 14.2;
				MTL_ENABLE_DEBUG_INFO = NO;
				MTL_FAST_MATH = YES;
				SDKROOT = iphoneos;
				SWIFT_COMPILATION_MODE = wholemodule;
				SWIFT_OPTIMIZATION_LEVEL = "-O";
				VALIDATE_PRODUCT = YES;
			};
			name = Release;
		};
		78041C2D2786F9FB00C4D861 /* Debug */ = {
			isa = XCBuildConfiguration;
			buildSettings = {
				ALWAYS_EMBED_SWIFT_STANDARD_LIBRARIES = YES;
				ASSETCATALOG_COMPILER_APPICON_NAME = AppIcon;
				ASSETCATALOG_COMPILER_GLOBAL_ACCENT_COLOR_NAME = AccentColor;
				CODE_SIGN_ENTITLEMENTS = Kursvalut/Kursvalut.entitlements;
				CODE_SIGN_STYLE = Automatic;
				CURRENT_PROJECT_VERSION = 1;
				DEVELOPMENT_TEAM = Y43668Q2S4;
				GENERATE_INFOPLIST_FILE = YES;
				INFOPLIST_FILE = Kursvalut/Info.plist;
				INFOPLIST_KEY_UIApplicationSupportsIndirectInputEvents = YES;
				INFOPLIST_KEY_UILaunchStoryboardName = LaunchScreen;
				INFOPLIST_KEY_UIMainStoryboardFile = Main;
				INFOPLIST_KEY_UISupportedInterfaceOrientations = "UIInterfaceOrientationPortrait UIInterfaceOrientationLandscapeLeft UIInterfaceOrientationLandscapeRight";
				INFOPLIST_KEY_UISupportedInterfaceOrientations_iPad = "UIInterfaceOrientationPortrait UIInterfaceOrientationPortraitUpsideDown UIInterfaceOrientationLandscapeLeft UIInterfaceOrientationLandscapeRight";
				INFOPLIST_KEY_UISupportedInterfaceOrientations_iPhone = "UIInterfaceOrientationPortrait UIInterfaceOrientationLandscapeLeft UIInterfaceOrientationLandscapeRight";
				IPHONEOS_DEPLOYMENT_TARGET = 14.2;
				LD_RUNPATH_SEARCH_PATHS = (
					"$(inherited)",
					"@executable_path/Frameworks",
				);
				MARKETING_VERSION = 3.0.4;
				PRODUCT_BUNDLE_IDENTIFIER = ru.igorcodes.kursvalut;
				PRODUCT_NAME = "$(TARGET_NAME)";
				SWIFT_EMIT_LOC_STRINGS = YES;
				SWIFT_VERSION = 5.0;
				TARGETED_DEVICE_FAMILY = "1,2";
			};
			name = Debug;
		};
		78041C2E2786F9FB00C4D861 /* Release */ = {
			isa = XCBuildConfiguration;
			buildSettings = {
				ALWAYS_EMBED_SWIFT_STANDARD_LIBRARIES = YES;
				ASSETCATALOG_COMPILER_APPICON_NAME = AppIcon;
				ASSETCATALOG_COMPILER_GLOBAL_ACCENT_COLOR_NAME = AccentColor;
				CODE_SIGN_ENTITLEMENTS = Kursvalut/Kursvalut.entitlements;
				CODE_SIGN_STYLE = Automatic;
				CURRENT_PROJECT_VERSION = 1;
				DEVELOPMENT_TEAM = Y43668Q2S4;
				GENERATE_INFOPLIST_FILE = YES;
				INFOPLIST_FILE = Kursvalut/Info.plist;
				INFOPLIST_KEY_UIApplicationSupportsIndirectInputEvents = YES;
				INFOPLIST_KEY_UILaunchStoryboardName = LaunchScreen;
				INFOPLIST_KEY_UIMainStoryboardFile = Main;
				INFOPLIST_KEY_UISupportedInterfaceOrientations = "UIInterfaceOrientationPortrait UIInterfaceOrientationLandscapeLeft UIInterfaceOrientationLandscapeRight";
				INFOPLIST_KEY_UISupportedInterfaceOrientations_iPad = "UIInterfaceOrientationPortrait UIInterfaceOrientationPortraitUpsideDown UIInterfaceOrientationLandscapeLeft UIInterfaceOrientationLandscapeRight";
				INFOPLIST_KEY_UISupportedInterfaceOrientations_iPhone = "UIInterfaceOrientationPortrait UIInterfaceOrientationLandscapeLeft UIInterfaceOrientationLandscapeRight";
				IPHONEOS_DEPLOYMENT_TARGET = 14.2;
				LD_RUNPATH_SEARCH_PATHS = (
					"$(inherited)",
					"@executable_path/Frameworks",
				);
				MARKETING_VERSION = 3.0.4;
				PRODUCT_BUNDLE_IDENTIFIER = ru.igorcodes.kursvalut;
				PRODUCT_NAME = "$(TARGET_NAME)";
				SWIFT_EMIT_LOC_STRINGS = YES;
				SWIFT_VERSION = 5.0;
				TARGETED_DEVICE_FAMILY = "1,2";
			};
			name = Release;
		};
/* End XCBuildConfiguration section */

/* Begin XCConfigurationList section */
		0B4B4C3F2B239825003B55A5 /* Build configuration list for PBXNativeTarget "WidgetsIntents" */ = {
			isa = XCConfigurationList;
			buildConfigurations = (
				0B4B4C402B239825003B55A5 /* Debug */,
				0B4B4C412B239825003B55A5 /* Release */,
			);
			defaultConfigurationIsVisible = 0;
			defaultConfigurationName = Release;
		};
		0BAA1F832B1FA18600188959 /* Build configuration list for PBXNativeTarget "WidgetsExtension" */ = {
			isa = XCConfigurationList;
			buildConfigurations = (
				0BAA1F812B1FA18600188959 /* Debug */,
				0BAA1F822B1FA18600188959 /* Release */,
			);
			defaultConfigurationIsVisible = 0;
			defaultConfigurationName = Release;
		};
		0BC0086D2B404EA700775BC2 /* Build configuration list for PBXNativeTarget "NotificationService" */ = {
			isa = XCConfigurationList;
			buildConfigurations = (
				0BC0086B2B404EA700775BC2 /* Debug */,
				0BC0086C2B404EA700775BC2 /* Release */,
			);
			defaultConfigurationIsVisible = 0;
			defaultConfigurationName = Release;
		};
		78041C102786F9FA00C4D861 /* Build configuration list for PBXProject "Kursvalut" */ = {
			isa = XCConfigurationList;
			buildConfigurations = (
				78041C2A2786F9FB00C4D861 /* Debug */,
				78041C2B2786F9FB00C4D861 /* Release */,
			);
			defaultConfigurationIsVisible = 0;
			defaultConfigurationName = Release;
		};
		78041C2C2786F9FB00C4D861 /* Build configuration list for PBXNativeTarget "Kursvalut" */ = {
			isa = XCConfigurationList;
			buildConfigurations = (
				78041C2D2786F9FB00C4D861 /* Debug */,
				78041C2E2786F9FB00C4D861 /* Release */,
			);
			defaultConfigurationIsVisible = 0;
			defaultConfigurationName = Release;
		};
/* End XCConfigurationList section */

/* Begin XCRemoteSwiftPackageReference section */
		0B919C6D2B39F469005C4BB5 /* XCRemoteSwiftPackageReference "firebase-ios-sdk" */ = {
			isa = XCRemoteSwiftPackageReference;
			repositoryURL = "https://github.com/firebase/firebase-ios-sdk";
			requirement = {
				kind = upToNextMajorVersion;
				minimumVersion = 10.19.1;
			};
		};
/* End XCRemoteSwiftPackageReference section */

/* Begin XCSwiftPackageProductDependency section */
		0B919C6E2B39F469005C4BB5 /* FirebaseMessaging */ = {
			isa = XCSwiftPackageProductDependency;
			package = 0B919C6D2B39F469005C4BB5 /* XCRemoteSwiftPackageReference "firebase-ios-sdk" */;
			productName = FirebaseMessaging;
		};
/* End XCSwiftPackageProductDependency section */

/* Begin XCVersionGroup section */
		78041C212786F9FA00C4D861 /* Kursvalut.xcdatamodeld */ = {
			isa = XCVersionGroup;
			children = (
				0B158C692B1E4B68004EA97A /* Kursvalut_v3.xcdatamodel */,
				7866D8092A191EEA0001DFF3 /* Kursvalut_v2.xcdatamodel */,
				78041C222786F9FA00C4D861 /* Kursvalut.xcdatamodel */,
			);
			currentVersion = 0B158C692B1E4B68004EA97A /* Kursvalut_v3.xcdatamodel */;
			path = Kursvalut.xcdatamodeld;
			sourceTree = "<group>";
			versionGroupType = wrapper.xcdatamodel;
		};
/* End XCVersionGroup section */
	};
	rootObject = 78041C0D2786F9FA00C4D861 /* Project object */;
}
