// !$*UTF8*$!
{
	archiveVersion = 1;
	classes = {
	};
	objectVersion = 55;
	objects = {

/* Begin PBXBuildFile section */
		7802A17327D90C4400769693 /* AboutAppTableViewController.swift in Sources */ = {isa = PBXBuildFile; fileRef = 7802A17227D90C4400769693 /* AboutAppTableViewController.swift */; };
		7802A17727D924E200769693 /* AboutAppDeveloperTableViewCell.swift in Sources */ = {isa = PBXBuildFile; fileRef = 7802A17627D924E200769693 /* AboutAppDeveloperTableViewCell.swift */; };
		78041C192786F9FA00C4D861 /* AppDelegate.swift in Sources */ = {isa = PBXBuildFile; fileRef = 78041C182786F9FA00C4D861 /* AppDelegate.swift */; };
		78041C1B2786F9FA00C4D861 /* SceneDelegate.swift in Sources */ = {isa = PBXBuildFile; fileRef = 78041C1A2786F9FA00C4D861 /* SceneDelegate.swift */; };
		78041C1D2786F9FA00C4D861 /* CurrencyViewController.swift in Sources */ = {isa = PBXBuildFile; fileRef = 78041C1C2786F9FA00C4D861 /* CurrencyViewController.swift */; };
		78041C232786F9FA00C4D861 /* Kursvalut.xcdatamodeld in Sources */ = {isa = PBXBuildFile; fileRef = 78041C212786F9FA00C4D861 /* Kursvalut.xcdatamodeld */; };
		78041C252786F9FB00C4D861 /* Assets.xcassets in Resources */ = {isa = PBXBuildFile; fileRef = 78041C242786F9FB00C4D861 /* Assets.xcassets */; };
		78041C282786F9FB00C4D861 /* LaunchScreen.storyboard in Resources */ = {isa = PBXBuildFile; fileRef = 78041C262786F9FB00C4D861 /* LaunchScreen.storyboard */; };
		780AA2E7280ACE9000ECC3C4 /* OnboardingViewController.swift in Sources */ = {isa = PBXBuildFile; fileRef = 780AA2E6280ACE9000ECC3C4 /* OnboardingViewController.swift */; };
		780AA2EB280ADF7F00ECC3C4 /* OnboardingSlide.swift in Sources */ = {isa = PBXBuildFile; fileRef = 780AA2EA280ADF7F00ECC3C4 /* OnboardingSlide.swift */; };
		780AA2ED280AEA8D00ECC3C4 /* WelcomeOnboardingCollectionViewCell.swift in Sources */ = {isa = PBXBuildFile; fileRef = 780AA2EC280AEA8D00ECC3C4 /* WelcomeOnboardingCollectionViewCell.swift */; };
		7813102827D75FE000065410 /* SMailComposeViewController.swift in Sources */ = {isa = PBXBuildFile; fileRef = 7813102727D75FE000065410 /* SMailComposeViewController.swift */; };
		78137FD72833A78400F4621E /* TutorialViewController.swift in Sources */ = {isa = PBXBuildFile; fileRef = 78137FD62833A78400F4621E /* TutorialViewController.swift */; };
		78137FD92833D9AE00F4621E /* TutorialImageTableViewCell.swift in Sources */ = {isa = PBXBuildFile; fileRef = 78137FD82833D9AE00F4621E /* TutorialImageTableViewCell.swift */; };
		78137FDB2833EC1200F4621E /* UIImage+extension.swift in Sources */ = {isa = PBXBuildFile; fileRef = 78137FDA2833EC1200F4621E /* UIImage+extension.swift */; };
		78137FE52834047400F4621E /* changeCellOrder.gif in Resources */ = {isa = PBXBuildFile; fileRef = 78137FE42834047400F4621E /* changeCellOrder.gif */; };
		78137FEB28340EBB00F4621E /* updateCellData.gif in Resources */ = {isa = PBXBuildFile; fileRef = 78137FEA28340EBB00F4621E /* updateCellData.gif */; };
		78137FED2834127300F4621E /* changeConverterCell.gif in Resources */ = {isa = PBXBuildFile; fileRef = 78137FEC2834127300F4621E /* changeConverterCell.gif */; };
		78137FF12834185D00F4621E /* pickCurrencyForConverter.gif in Resources */ = {isa = PBXBuildFile; fileRef = 78137FF02834185D00F4621E /* pickCurrencyForConverter.gif */; };
		7828734E28145BAC00B65D6F /* TutorialDescriptionTableViewCell.swift in Sources */ = {isa = PBXBuildFile; fileRef = 7828734D28145BAC00B65D6F /* TutorialDescriptionTableViewCell.swift */; };
		7838F8FE278856CB007D34AA /* CurrencyNetworking.swift in Sources */ = {isa = PBXBuildFile; fileRef = 7838F8FD278856CB007D34AA /* CurrencyNetworking.swift */; };
		7838F90027885B86007D34AA /* BankOfRussiaCurrencyData.swift in Sources */ = {isa = PBXBuildFile; fileRef = 7838F8FF27885B86007D34AA /* BankOfRussiaCurrencyData.swift */; };
		783BCB9927CD288B00430992 /* DecimalsTableViewCell.swift in Sources */ = {isa = PBXBuildFile; fileRef = 783BCB9827CD288B00430992 /* DecimalsTableViewCell.swift */; };
		7841735C27E645DE00A35530 /* ProViewController.swift in Sources */ = {isa = PBXBuildFile; fileRef = 7841735B27E645DE00A35530 /* ProViewController.swift */; };
		7841735E27E6460000A35530 /* ProTableViewCell.swift in Sources */ = {isa = PBXBuildFile; fileRef = 7841735D27E6460000A35530 /* ProTableViewCell.swift */; };
		78425CD727E104DA007F78F0 /* StoreKit.framework in Frameworks */ = {isa = PBXBuildFile; fileRef = 78425CD627E104DA007F78F0 /* StoreKit.framework */; };
		7852295F279B19E300507877 /* PickCurrencyTableViewController.swift in Sources */ = {isa = PBXBuildFile; fileRef = 7852295E279B19E300507877 /* PickCurrencyTableViewController.swift */; };
		78522961279B1A1B00507877 /* PickCurrencyTableViewCell.swift in Sources */ = {isa = PBXBuildFile; fileRef = 78522960279B1A1B00507877 /* PickCurrencyTableViewCell.swift */; };
		786479AA27981E410077ABC7 /* ConverterTableViewController.swift in Sources */ = {isa = PBXBuildFile; fileRef = 786479A927981E410077ABC7 /* ConverterTableViewController.swift */; };
		786479AC279825DF0077ABC7 /* ConverterTableViewCell.swift in Sources */ = {isa = PBXBuildFile; fileRef = 786479AB279825DF0077ABC7 /* ConverterTableViewCell.swift */; };
		786A00292839327500D0DAA4 /* CurrencyDataSourceTableViewController.swift in Sources */ = {isa = PBXBuildFile; fileRef = 786A00282839327500D0DAA4 /* CurrencyDataSourceTableViewController.swift */; };
		786A002B283935CA00D0DAA4 /* DataSourceTableViewCell.swift in Sources */ = {isa = PBXBuildFile; fileRef = 786A002A283935CA00D0DAA4 /* DataSourceTableViewCell.swift */; };
		786A002D2839361300D0DAA4 /* PickedBaseCurrencyTableViewCell.swift in Sources */ = {isa = PBXBuildFile; fileRef = 786A002C2839361300D0DAA4 /* PickedBaseCurrencyTableViewCell.swift */; };
		786C01A327DE50E300868EBE /* TipJarTableViewController.swift in Sources */ = {isa = PBXBuildFile; fileRef = 786C01A227DE50E300868EBE /* TipJarTableViewController.swift */; };
		786C01A527DE511400868EBE /* TipJarTableViewCell.swift in Sources */ = {isa = PBXBuildFile; fileRef = 786C01A427DE511400868EBE /* TipJarTableViewCell.swift */; };
		787D551927C9364400587653 /* SettingsTableViewController.swift in Sources */ = {isa = PBXBuildFile; fileRef = 787D551827C9364400587653 /* SettingsTableViewController.swift */; };
		787F0A5D27BADE0100DC5F0D /* ConverterManager.swift in Sources */ = {isa = PBXBuildFile; fileRef = 787F0A5C27BADE0100DC5F0D /* ConverterManager.swift */; };
		78871A4B2789F4F700321E98 /* README.md in Resources */ = {isa = PBXBuildFile; fileRef = 78871A4A2789F4F700321E98 /* README.md */; };
		789A767227DA74F700B8EE06 /* AboutAppDataProvidersTableViewCell.swift in Sources */ = {isa = PBXBuildFile; fileRef = 789A767127DA74F700B8EE06 /* AboutAppDataProvidersTableViewCell.swift */; };
		789FD81C288F065C0084468F /* NumpadView.xib in Resources */ = {isa = PBXBuildFile; fileRef = 789FD81B288F065C0084468F /* NumpadView.xib */; };
		789FD81E288F06B80084468F /* NumpadView.swift in Sources */ = {isa = PBXBuildFile; fileRef = 789FD81D288F06B80084468F /* NumpadView.swift */; };
		789FD820288F06E70084468F /* NumpadButton.swift in Sources */ = {isa = PBXBuildFile; fileRef = 789FD81F288F06E70084468F /* NumpadButton.swift */; };
		78B40A1027D659BB0016D9E6 /* TermsOfUseViewController.swift in Sources */ = {isa = PBXBuildFile; fileRef = 78B40A0F27D659BB0016D9E6 /* TermsOfUseViewController.swift */; };
		78B40A1327D659F60016D9E6 /* TermsOfUseTableViewCell.swift in Sources */ = {isa = PBXBuildFile; fileRef = 78B40A1227D659F60016D9E6 /* TermsOfUseTableViewCell.swift */; };
		78B49AE427CBD3D5003C975D /* DecimalsTableViewController.swift in Sources */ = {isa = PBXBuildFile; fileRef = 78B49AE327CBD3D5003C975D /* DecimalsTableViewController.swift */; };
		78B9F55B2801B5900030ECF4 /* SortingTableViewController.swift in Sources */ = {isa = PBXBuildFile; fileRef = 78B9F55A2801B5900030ECF4 /* SortingTableViewController.swift */; };
		78B9F55D2801B9B50030ECF4 /* MainSortTableViewCell.swift in Sources */ = {isa = PBXBuildFile; fileRef = 78B9F55C2801B9B50030ECF4 /* MainSortTableViewCell.swift */; };
		78B9F55F2801B9F10030ECF4 /* SubSortTableViewCell.swift in Sources */ = {isa = PBXBuildFile; fileRef = 78B9F55E2801B9F10030ECF4 /* SubSortTableViewCell.swift */; };
		78B9F5612801BBAA0030ECF4 /* SortingSection.swift in Sources */ = {isa = PBXBuildFile; fileRef = 78B9F5602801BBAA0030ECF4 /* SortingSection.swift */; };
		78BD46DB27F06B6D002AFDA1 /* PopupView.xib in Resources */ = {isa = PBXBuildFile; fileRef = 78BD46DA27F06B6D002AFDA1 /* PopupView.xib */; };
		78BD46DF27F07460002AFDA1 /* PopupView.swift in Sources */ = {isa = PBXBuildFile; fileRef = 78BD46DE27F07460002AFDA1 /* PopupView.swift */; };
		78C39E05284CBF8600376365 /* BaseCurrencyTableViewController.swift in Sources */ = {isa = PBXBuildFile; fileRef = 78C39E04284CBF8600376365 /* BaseCurrencyTableViewController.swift */; };
		78C39E07284CC0A000376365 /* BaseCurrencyTableViewCell.swift in Sources */ = {isa = PBXBuildFile; fileRef = 78C39E06284CC0A000376365 /* BaseCurrencyTableViewCell.swift */; };
		78C6FAF527D3C160002E35E9 /* ThemeTableViewController.swift in Sources */ = {isa = PBXBuildFile; fileRef = 78C6FAF427D3C160002E35E9 /* ThemeTableViewController.swift */; };
		78C6FAF727D3C188002E35E9 /* ThemeTableViewCell.swift in Sources */ = {isa = PBXBuildFile; fileRef = 78C6FAF627D3C188002E35E9 /* ThemeTableViewCell.swift */; };
		78CEB9AB2813F83900AE0903 /* OnboardingTableViewCell.swift in Sources */ = {isa = PBXBuildFile; fileRef = 78CEB9AA2813F83900AE0903 /* OnboardingTableViewCell.swift */; };
		78D3DA0A2787313D00A91511 /* Main.storyboard in Resources */ = {isa = PBXBuildFile; fileRef = 78041C1E2786F9FA00C4D861 /* Main.storyboard */; };
		78D3DA0C278731DD00A91511 /* CurrencyTableViewCell.swift in Sources */ = {isa = PBXBuildFile; fileRef = 78D3DA0B278731DD00A91511 /* CurrencyTableViewCell.swift */; };
		78D3DA0E2787687400A91511 /* CurrencyManager.swift in Sources */ = {isa = PBXBuildFile; fileRef = 78D3DA0D2787687400A91511 /* CurrencyManager.swift */; };
		78D531902793058B00EF65B2 /* CurrencyCoreDataManager.swift in Sources */ = {isa = PBXBuildFile; fileRef = 78D5318F2793058B00EF65B2 /* CurrencyCoreDataManager.swift */; };
		78E00279283EA57100EE9B4C /* ForexCurrencyData.swift in Sources */ = {isa = PBXBuildFile; fileRef = 78E00278283EA57100EE9B4C /* ForexCurrencyData.swift */; };
		78E9B79A27D7956300BB5249 /* PrivacyPolicyViewController.swift in Sources */ = {isa = PBXBuildFile; fileRef = 78E9B79927D7956300BB5249 /* PrivacyPolicyViewController.swift */; };
		78E9B79C27D7958A00BB5249 /* PrivacyPolicyTableViewCell.swift in Sources */ = {isa = PBXBuildFile; fileRef = 78E9B79B27D7958A00BB5249 /* PrivacyPolicyTableViewCell.swift */; };
		78EF7D7E280B3767000CFB46 /* OnboardingCollectionViewCell.swift in Sources */ = {isa = PBXBuildFile; fileRef = 78EF7D7D280B3767000CFB46 /* OnboardingCollectionViewCell.swift */; };
		78F13FF127CE9AC60076613A /* CurrencyPreviewTableViewCell.swift in Sources */ = {isa = PBXBuildFile; fileRef = 78F13FF027CE9AC60076613A /* CurrencyPreviewTableViewCell.swift */; };
		78F13FF327CE9AD80076613A /* ConverterPreviewTableViewCell.swift in Sources */ = {isa = PBXBuildFile; fileRef = 78F13FF227CE9AD80076613A /* ConverterPreviewTableViewCell.swift */; };
		78F2716B27CFDF6000381CA9 /* StartViewTableViewController.swift in Sources */ = {isa = PBXBuildFile; fileRef = 78F2716A27CFDF6000381CA9 /* StartViewTableViewController.swift */; };
		78F2716D27CFE00400381CA9 /* StartViewTableViewCell.swift in Sources */ = {isa = PBXBuildFile; fileRef = 78F2716C27CFE00400381CA9 /* StartViewTableViewCell.swift */; };
/* End PBXBuildFile section */

/* Begin PBXFileReference section */
		7802A17227D90C4400769693 /* AboutAppTableViewController.swift */ = {isa = PBXFileReference; lastKnownFileType = sourcecode.swift; path = AboutAppTableViewController.swift; sourceTree = "<group>"; };
		7802A17627D924E200769693 /* AboutAppDeveloperTableViewCell.swift */ = {isa = PBXFileReference; lastKnownFileType = sourcecode.swift; path = AboutAppDeveloperTableViewCell.swift; sourceTree = "<group>"; };
		78041C152786F9FA00C4D861 /* Kursvalut.app */ = {isa = PBXFileReference; explicitFileType = wrapper.application; includeInIndex = 0; path = Kursvalut.app; sourceTree = BUILT_PRODUCTS_DIR; };
		78041C182786F9FA00C4D861 /* AppDelegate.swift */ = {isa = PBXFileReference; lastKnownFileType = sourcecode.swift; path = AppDelegate.swift; sourceTree = "<group>"; };
		78041C1A2786F9FA00C4D861 /* SceneDelegate.swift */ = {isa = PBXFileReference; lastKnownFileType = sourcecode.swift; path = SceneDelegate.swift; sourceTree = "<group>"; };
		78041C1C2786F9FA00C4D861 /* CurrencyViewController.swift */ = {isa = PBXFileReference; lastKnownFileType = sourcecode.swift; path = CurrencyViewController.swift; sourceTree = "<group>"; };
		78041C1F2786F9FA00C4D861 /* Base */ = {isa = PBXFileReference; lastKnownFileType = file.storyboard; name = Base; path = Base.lproj/Main.storyboard; sourceTree = "<group>"; };
		78041C222786F9FA00C4D861 /* Kursvalut.xcdatamodel */ = {isa = PBXFileReference; lastKnownFileType = wrapper.xcdatamodel; path = Kursvalut.xcdatamodel; sourceTree = "<group>"; };
		78041C242786F9FB00C4D861 /* Assets.xcassets */ = {isa = PBXFileReference; lastKnownFileType = folder.assetcatalog; path = Assets.xcassets; sourceTree = "<group>"; };
		78041C272786F9FB00C4D861 /* Base */ = {isa = PBXFileReference; lastKnownFileType = file.storyboard; name = Base; path = Base.lproj/LaunchScreen.storyboard; sourceTree = "<group>"; };
		78041C292786F9FB00C4D861 /* Info.plist */ = {isa = PBXFileReference; lastKnownFileType = text.plist.xml; path = Info.plist; sourceTree = "<group>"; };
		780AA2E6280ACE9000ECC3C4 /* OnboardingViewController.swift */ = {isa = PBXFileReference; lastKnownFileType = sourcecode.swift; path = OnboardingViewController.swift; sourceTree = "<group>"; };
		780AA2EA280ADF7F00ECC3C4 /* OnboardingSlide.swift */ = {isa = PBXFileReference; lastKnownFileType = sourcecode.swift; path = OnboardingSlide.swift; sourceTree = "<group>"; };
		780AA2EC280AEA8D00ECC3C4 /* WelcomeOnboardingCollectionViewCell.swift */ = {isa = PBXFileReference; lastKnownFileType = sourcecode.swift; path = WelcomeOnboardingCollectionViewCell.swift; sourceTree = "<group>"; };
		7813102727D75FE000065410 /* SMailComposeViewController.swift */ = {isa = PBXFileReference; lastKnownFileType = sourcecode.swift; path = SMailComposeViewController.swift; sourceTree = "<group>"; };
		78137FD62833A78400F4621E /* TutorialViewController.swift */ = {isa = PBXFileReference; lastKnownFileType = sourcecode.swift; path = TutorialViewController.swift; sourceTree = "<group>"; };
		78137FD82833D9AE00F4621E /* TutorialImageTableViewCell.swift */ = {isa = PBXFileReference; lastKnownFileType = sourcecode.swift; path = TutorialImageTableViewCell.swift; sourceTree = "<group>"; };
		78137FDA2833EC1200F4621E /* UIImage+extension.swift */ = {isa = PBXFileReference; lastKnownFileType = sourcecode.swift; path = "UIImage+extension.swift"; sourceTree = "<group>"; };
		78137FE42834047400F4621E /* changeCellOrder.gif */ = {isa = PBXFileReference; lastKnownFileType = image.gif; path = changeCellOrder.gif; sourceTree = "<group>"; };
		78137FEA28340EBB00F4621E /* updateCellData.gif */ = {isa = PBXFileReference; lastKnownFileType = image.gif; path = updateCellData.gif; sourceTree = "<group>"; };
		78137FEC2834127300F4621E /* changeConverterCell.gif */ = {isa = PBXFileReference; lastKnownFileType = image.gif; path = changeConverterCell.gif; sourceTree = "<group>"; };
		78137FF02834185D00F4621E /* pickCurrencyForConverter.gif */ = {isa = PBXFileReference; lastKnownFileType = image.gif; path = pickCurrencyForConverter.gif; sourceTree = "<group>"; };
		7828734D28145BAC00B65D6F /* TutorialDescriptionTableViewCell.swift */ = {isa = PBXFileReference; lastKnownFileType = sourcecode.swift; path = TutorialDescriptionTableViewCell.swift; sourceTree = "<group>"; };
		7838F8FD278856CB007D34AA /* CurrencyNetworking.swift */ = {isa = PBXFileReference; lastKnownFileType = sourcecode.swift; path = CurrencyNetworking.swift; sourceTree = "<group>"; };
		7838F8FF27885B86007D34AA /* BankOfRussiaCurrencyData.swift */ = {isa = PBXFileReference; lastKnownFileType = sourcecode.swift; path = BankOfRussiaCurrencyData.swift; sourceTree = "<group>"; };
		783BCB9827CD288B00430992 /* DecimalsTableViewCell.swift */ = {isa = PBXFileReference; lastKnownFileType = sourcecode.swift; path = DecimalsTableViewCell.swift; sourceTree = "<group>"; };
		7841735B27E645DE00A35530 /* ProViewController.swift */ = {isa = PBXFileReference; lastKnownFileType = sourcecode.swift; path = ProViewController.swift; sourceTree = "<group>"; };
		7841735D27E6460000A35530 /* ProTableViewCell.swift */ = {isa = PBXFileReference; lastKnownFileType = sourcecode.swift; path = ProTableViewCell.swift; sourceTree = "<group>"; };
		78425CD627E104DA007F78F0 /* StoreKit.framework */ = {isa = PBXFileReference; lastKnownFileType = wrapper.framework; name = StoreKit.framework; path = System/Library/Frameworks/StoreKit.framework; sourceTree = SDKROOT; };
		7852295E279B19E300507877 /* PickCurrencyTableViewController.swift */ = {isa = PBXFileReference; lastKnownFileType = sourcecode.swift; path = PickCurrencyTableViewController.swift; sourceTree = "<group>"; };
		78522960279B1A1B00507877 /* PickCurrencyTableViewCell.swift */ = {isa = PBXFileReference; lastKnownFileType = sourcecode.swift; path = PickCurrencyTableViewCell.swift; sourceTree = "<group>"; };
		786479A927981E410077ABC7 /* ConverterTableViewController.swift */ = {isa = PBXFileReference; lastKnownFileType = sourcecode.swift; path = ConverterTableViewController.swift; sourceTree = "<group>"; };
		786479AB279825DF0077ABC7 /* ConverterTableViewCell.swift */ = {isa = PBXFileReference; lastKnownFileType = sourcecode.swift; path = ConverterTableViewCell.swift; sourceTree = "<group>"; };
		786A00282839327500D0DAA4 /* CurrencyDataSourceTableViewController.swift */ = {isa = PBXFileReference; lastKnownFileType = sourcecode.swift; path = CurrencyDataSourceTableViewController.swift; sourceTree = "<group>"; };
		786A002A283935CA00D0DAA4 /* DataSourceTableViewCell.swift */ = {isa = PBXFileReference; lastKnownFileType = sourcecode.swift; path = DataSourceTableViewCell.swift; sourceTree = "<group>"; };
		786A002C2839361300D0DAA4 /* PickedBaseCurrencyTableViewCell.swift */ = {isa = PBXFileReference; lastKnownFileType = sourcecode.swift; path = PickedBaseCurrencyTableViewCell.swift; sourceTree = "<group>"; };
		786C01A227DE50E300868EBE /* TipJarTableViewController.swift */ = {isa = PBXFileReference; lastKnownFileType = sourcecode.swift; path = TipJarTableViewController.swift; sourceTree = "<group>"; };
		786C01A427DE511400868EBE /* TipJarTableViewCell.swift */ = {isa = PBXFileReference; lastKnownFileType = sourcecode.swift; path = TipJarTableViewCell.swift; sourceTree = "<group>"; };
		787D551827C9364400587653 /* SettingsTableViewController.swift */ = {isa = PBXFileReference; lastKnownFileType = sourcecode.swift; path = SettingsTableViewController.swift; sourceTree = "<group>"; };
		787F0A5C27BADE0100DC5F0D /* ConverterManager.swift */ = {isa = PBXFileReference; lastKnownFileType = sourcecode.swift; path = ConverterManager.swift; sourceTree = "<group>"; };
		78871A4A2789F4F700321E98 /* README.md */ = {isa = PBXFileReference; fileEncoding = 4; lastKnownFileType = net.daringfireball.markdown; path = README.md; sourceTree = "<group>"; };
		789A767127DA74F700B8EE06 /* AboutAppDataProvidersTableViewCell.swift */ = {isa = PBXFileReference; lastKnownFileType = sourcecode.swift; path = AboutAppDataProvidersTableViewCell.swift; sourceTree = "<group>"; };
		789FD81B288F065C0084468F /* NumpadView.xib */ = {isa = PBXFileReference; lastKnownFileType = file.xib; path = NumpadView.xib; sourceTree = "<group>"; };
		789FD81D288F06B80084468F /* NumpadView.swift */ = {isa = PBXFileReference; lastKnownFileType = sourcecode.swift; path = NumpadView.swift; sourceTree = "<group>"; };
		789FD81F288F06E70084468F /* NumpadButton.swift */ = {isa = PBXFileReference; lastKnownFileType = sourcecode.swift; path = NumpadButton.swift; sourceTree = "<group>"; };
		78B40A0F27D659BB0016D9E6 /* TermsOfUseViewController.swift */ = {isa = PBXFileReference; lastKnownFileType = sourcecode.swift; path = TermsOfUseViewController.swift; sourceTree = "<group>"; };
		78B40A1227D659F60016D9E6 /* TermsOfUseTableViewCell.swift */ = {isa = PBXFileReference; lastKnownFileType = sourcecode.swift; path = TermsOfUseTableViewCell.swift; sourceTree = "<group>"; };
		78B49AE327CBD3D5003C975D /* DecimalsTableViewController.swift */ = {isa = PBXFileReference; lastKnownFileType = sourcecode.swift; path = DecimalsTableViewController.swift; sourceTree = "<group>"; };
		78B9F55A2801B5900030ECF4 /* SortingTableViewController.swift */ = {isa = PBXFileReference; lastKnownFileType = sourcecode.swift; path = SortingTableViewController.swift; sourceTree = "<group>"; };
		78B9F55C2801B9B50030ECF4 /* MainSortTableViewCell.swift */ = {isa = PBXFileReference; lastKnownFileType = sourcecode.swift; path = MainSortTableViewCell.swift; sourceTree = "<group>"; };
		78B9F55E2801B9F10030ECF4 /* SubSortTableViewCell.swift */ = {isa = PBXFileReference; lastKnownFileType = sourcecode.swift; path = SubSortTableViewCell.swift; sourceTree = "<group>"; };
		78B9F5602801BBAA0030ECF4 /* SortingSection.swift */ = {isa = PBXFileReference; lastKnownFileType = sourcecode.swift; path = SortingSection.swift; sourceTree = "<group>"; };
		78BD46DA27F06B6D002AFDA1 /* PopupView.xib */ = {isa = PBXFileReference; lastKnownFileType = file.xib; path = PopupView.xib; sourceTree = "<group>"; };
		78BD46DE27F07460002AFDA1 /* PopupView.swift */ = {isa = PBXFileReference; lastKnownFileType = sourcecode.swift; path = PopupView.swift; sourceTree = "<group>"; };
		78C39E04284CBF8600376365 /* BaseCurrencyTableViewController.swift */ = {isa = PBXFileReference; lastKnownFileType = sourcecode.swift; path = BaseCurrencyTableViewController.swift; sourceTree = "<group>"; };
		78C39E06284CC0A000376365 /* BaseCurrencyTableViewCell.swift */ = {isa = PBXFileReference; lastKnownFileType = sourcecode.swift; path = BaseCurrencyTableViewCell.swift; sourceTree = "<group>"; };
		78C6FAF427D3C160002E35E9 /* ThemeTableViewController.swift */ = {isa = PBXFileReference; lastKnownFileType = sourcecode.swift; path = ThemeTableViewController.swift; sourceTree = "<group>"; };
		78C6FAF627D3C188002E35E9 /* ThemeTableViewCell.swift */ = {isa = PBXFileReference; lastKnownFileType = sourcecode.swift; path = ThemeTableViewCell.swift; sourceTree = "<group>"; };
		78CEB9AA2813F83900AE0903 /* OnboardingTableViewCell.swift */ = {isa = PBXFileReference; lastKnownFileType = sourcecode.swift; path = OnboardingTableViewCell.swift; sourceTree = "<group>"; };
		78D3DA0B278731DD00A91511 /* CurrencyTableViewCell.swift */ = {isa = PBXFileReference; lastKnownFileType = sourcecode.swift; path = CurrencyTableViewCell.swift; sourceTree = "<group>"; };
		78D3DA0D2787687400A91511 /* CurrencyManager.swift */ = {isa = PBXFileReference; lastKnownFileType = sourcecode.swift; path = CurrencyManager.swift; sourceTree = "<group>"; };
		78D5318F2793058B00EF65B2 /* CurrencyCoreDataManager.swift */ = {isa = PBXFileReference; lastKnownFileType = sourcecode.swift; path = CurrencyCoreDataManager.swift; sourceTree = "<group>"; };
		78E00278283EA57100EE9B4C /* ForexCurrencyData.swift */ = {isa = PBXFileReference; lastKnownFileType = sourcecode.swift; path = ForexCurrencyData.swift; sourceTree = "<group>"; };
		78E9B79927D7956300BB5249 /* PrivacyPolicyViewController.swift */ = {isa = PBXFileReference; lastKnownFileType = sourcecode.swift; path = PrivacyPolicyViewController.swift; sourceTree = "<group>"; };
		78E9B79B27D7958A00BB5249 /* PrivacyPolicyTableViewCell.swift */ = {isa = PBXFileReference; lastKnownFileType = sourcecode.swift; path = PrivacyPolicyTableViewCell.swift; sourceTree = "<group>"; };
		78EF7D7D280B3767000CFB46 /* OnboardingCollectionViewCell.swift */ = {isa = PBXFileReference; lastKnownFileType = sourcecode.swift; path = OnboardingCollectionViewCell.swift; sourceTree = "<group>"; };
		78F13FF027CE9AC60076613A /* CurrencyPreviewTableViewCell.swift */ = {isa = PBXFileReference; lastKnownFileType = sourcecode.swift; path = CurrencyPreviewTableViewCell.swift; sourceTree = "<group>"; };
		78F13FF227CE9AD80076613A /* ConverterPreviewTableViewCell.swift */ = {isa = PBXFileReference; lastKnownFileType = sourcecode.swift; path = ConverterPreviewTableViewCell.swift; sourceTree = "<group>"; };
		78F2716A27CFDF6000381CA9 /* StartViewTableViewController.swift */ = {isa = PBXFileReference; lastKnownFileType = sourcecode.swift; path = StartViewTableViewController.swift; sourceTree = "<group>"; };
		78F2716C27CFE00400381CA9 /* StartViewTableViewCell.swift */ = {isa = PBXFileReference; lastKnownFileType = sourcecode.swift; path = StartViewTableViewCell.swift; sourceTree = "<group>"; };
/* End PBXFileReference section */

/* Begin PBXFrameworksBuildPhase section */
		78041C122786F9FA00C4D861 /* Frameworks */ = {
			isa = PBXFrameworksBuildPhase;
			buildActionMask = 2147483647;
			files = (
				78425CD727E104DA007F78F0 /* StoreKit.framework in Frameworks */,
			);
			runOnlyForDeploymentPostprocessing = 0;
		};
/* End PBXFrameworksBuildPhase section */

/* Begin PBXGroup section */
		78041C0C2786F9FA00C4D861 = {
			isa = PBXGroup;
			children = (
				78871A4A2789F4F700321E98 /* README.md */,
				78041C172786F9FA00C4D861 /* Kursvalut */,
				78041C162786F9FA00C4D861 /* Products */,
				78425CD527E104DA007F78F0 /* Frameworks */,
			);
			sourceTree = "<group>";
		};
		78041C162786F9FA00C4D861 /* Products */ = {
			isa = PBXGroup;
			children = (
				78041C152786F9FA00C4D861 /* Kursvalut.app */,
			);
			name = Products;
			sourceTree = "<group>";
		};
		78041C172786F9FA00C4D861 /* Kursvalut */ = {
			isa = PBXGroup;
			children = (
				78041C182786F9FA00C4D861 /* AppDelegate.swift */,
				78041C1A2786F9FA00C4D861 /* SceneDelegate.swift */,
				78041C2F2786FD0400C4D861 /* Model */,
				78041C302786FD0F00C4D861 /* View */,
				78041C312786FD2800C4D861 /* Controller */,
				78041C322786FD3D00C4D861 /* Support Files */,
				78041C292786F9FB00C4D861 /* Info.plist */,
			);
			path = Kursvalut;
			sourceTree = "<group>";
		};
		78041C2F2786FD0400C4D861 /* Model */ = {
			isa = PBXGroup;
			children = (
				789FD821288F31970084468F /* Numpad */,
				78E0027A283EA91C00EE9B4C /* CurrencyJSONDecodingModels */,
				78D3DA0D2787687400A91511 /* CurrencyManager.swift */,
				787F0A5C27BADE0100DC5F0D /* ConverterManager.swift */,
				7838F8FD278856CB007D34AA /* CurrencyNetworking.swift */,
				78D5318F2793058B00EF65B2 /* CurrencyCoreDataManager.swift */,
				7813102727D75FE000065410 /* SMailComposeViewController.swift */,
				78BD46DE27F07460002AFDA1 /* PopupView.swift */,
				78B9F5602801BBAA0030ECF4 /* SortingSection.swift */,
				780AA2EA280ADF7F00ECC3C4 /* OnboardingSlide.swift */,
				78137FDA2833EC1200F4621E /* UIImage+extension.swift */,
				78041C212786F9FA00C4D861 /* Kursvalut.xcdatamodeld */,
			);
			path = Model;
			sourceTree = "<group>";
		};
		78041C302786FD0F00C4D861 /* View */ = {
			isa = PBXGroup;
			children = (
				78041C1E2786F9FA00C4D861 /* Main.storyboard */,
			);
			path = View;
			sourceTree = "<group>";
		};
		78041C312786FD2800C4D861 /* Controller */ = {
			isa = PBXGroup;
			children = (
				7852295B279B173F00507877 /* VC */,
				7852295C279B174700507877 /* Cells */,
			);
			path = Controller;
			sourceTree = "<group>";
		};
		78041C322786FD3D00C4D861 /* Support Files */ = {
			isa = PBXGroup;
			children = (
				78137FF22834190C00F4621E /* Tutorial Gifs */,
				78041C242786F9FB00C4D861 /* Assets.xcassets */,
				78041C262786F9FB00C4D861 /* LaunchScreen.storyboard */,
				78BD46DA27F06B6D002AFDA1 /* PopupView.xib */,
				789FD81B288F065C0084468F /* NumpadView.xib */,
			);
			path = "Support Files";
			sourceTree = "<group>";
		};
		78137FF22834190C00F4621E /* Tutorial Gifs */ = {
			isa = PBXGroup;
			children = (
				78137FF02834185D00F4621E /* pickCurrencyForConverter.gif */,
				78137FEC2834127300F4621E /* changeConverterCell.gif */,
				78137FEA28340EBB00F4621E /* updateCellData.gif */,
				78137FE42834047400F4621E /* changeCellOrder.gif */,
			);
			path = "Tutorial Gifs";
			sourceTree = "<group>";
		};
		7828734F28146AD700B65D6F /* Onboarding */ = {
			isa = PBXGroup;
			children = (
				780AA2EC280AEA8D00ECC3C4 /* WelcomeOnboardingCollectionViewCell.swift */,
				78EF7D7D280B3767000CFB46 /* OnboardingCollectionViewCell.swift */,
				78CEB9AA2813F83900AE0903 /* OnboardingTableViewCell.swift */,
				78137FD82833D9AE00F4621E /* TutorialImageTableViewCell.swift */,
				7828734D28145BAC00B65D6F /* TutorialDescriptionTableViewCell.swift */,
			);
			path = Onboarding;
			sourceTree = "<group>";
		};
		7828735028146B0000B65D6F /* Sorting */ = {
			isa = PBXGroup;
			children = (
				78B9F55C2801B9B50030ECF4 /* MainSortTableViewCell.swift */,
				78B9F55E2801B9F10030ECF4 /* SubSortTableViewCell.swift */,
			);
			path = Sorting;
			sourceTree = "<group>";
		};
		78425CD527E104DA007F78F0 /* Frameworks */ = {
			isa = PBXGroup;
			children = (
				78425CD627E104DA007F78F0 /* StoreKit.framework */,
			);
			name = Frameworks;
			sourceTree = "<group>";
		};
		7852295B279B173F00507877 /* VC */ = {
			isa = PBXGroup;
			children = (
				78F2716627CFDD6700381CA9 /* CurrencyView */,
				78F2716727CFDD7200381CA9 /* ConverterView */,
				78F2716527CFDD4800381CA9 /* Settings */,
			);
			path = VC;
			sourceTree = "<group>";
		};
		7852295C279B174700507877 /* Cells */ = {
			isa = PBXGroup;
			children = (
				78F2716827CFDD9F00381CA9 /* CurrencyCell */,
				78F2716927CFDDAB00381CA9 /* ConverterCell */,
				78F2716427CFDD1800381CA9 /* Settings */,
			);
			path = Cells;
			sourceTree = "<group>";
		};
		789FD821288F31970084468F /* Numpad */ = {
			isa = PBXGroup;
			children = (
				789FD81D288F06B80084468F /* NumpadView.swift */,
				789FD81F288F06E70084468F /* NumpadButton.swift */,
			);
			path = Numpad;
			sourceTree = "<group>";
		};
		78E0027A283EA91C00EE9B4C /* CurrencyJSONDecodingModels */ = {
			isa = PBXGroup;
			children = (
				7838F8FF27885B86007D34AA /* BankOfRussiaCurrencyData.swift */,
				78E00278283EA57100EE9B4C /* ForexCurrencyData.swift */,
			);
			path = CurrencyJSONDecodingModels;
			sourceTree = "<group>";
		};
		78F2716427CFDD1800381CA9 /* Settings */ = {
			isa = PBXGroup;
			children = (
				783BCB9827CD288B00430992 /* DecimalsTableViewCell.swift */,
				78F13FF027CE9AC60076613A /* CurrencyPreviewTableViewCell.swift */,
				78F13FF227CE9AD80076613A /* ConverterPreviewTableViewCell.swift */,
				78F2716C27CFE00400381CA9 /* StartViewTableViewCell.swift */,
				78C6FAF627D3C188002E35E9 /* ThemeTableViewCell.swift */,
				78B40A1227D659F60016D9E6 /* TermsOfUseTableViewCell.swift */,
				78E9B79B27D7958A00BB5249 /* PrivacyPolicyTableViewCell.swift */,
				7802A17627D924E200769693 /* AboutAppDeveloperTableViewCell.swift */,
				789A767127DA74F700B8EE06 /* AboutAppDataProvidersTableViewCell.swift */,
				786C01A427DE511400868EBE /* TipJarTableViewCell.swift */,
				7841735D27E6460000A35530 /* ProTableViewCell.swift */,
				786A002A283935CA00D0DAA4 /* DataSourceTableViewCell.swift */,
				786A002C2839361300D0DAA4 /* PickedBaseCurrencyTableViewCell.swift */,
				78C39E06284CC0A000376365 /* BaseCurrencyTableViewCell.swift */,
				7828735028146B0000B65D6F /* Sorting */,
				7828734F28146AD700B65D6F /* Onboarding */,
			);
			path = Settings;
			sourceTree = "<group>";
		};
		78F2716527CFDD4800381CA9 /* Settings */ = {
			isa = PBXGroup;
			children = (
				787D551827C9364400587653 /* SettingsTableViewController.swift */,
				78B49AE327CBD3D5003C975D /* DecimalsTableViewController.swift */,
				78F2716A27CFDF6000381CA9 /* StartViewTableViewController.swift */,
				78C6FAF427D3C160002E35E9 /* ThemeTableViewController.swift */,
				78B40A0F27D659BB0016D9E6 /* TermsOfUseViewController.swift */,
				78E9B79927D7956300BB5249 /* PrivacyPolicyViewController.swift */,
				7802A17227D90C4400769693 /* AboutAppTableViewController.swift */,
				786C01A227DE50E300868EBE /* TipJarTableViewController.swift */,
				7841735B27E645DE00A35530 /* ProViewController.swift */,
				78B9F55A2801B5900030ECF4 /* SortingTableViewController.swift */,
				780AA2E6280ACE9000ECC3C4 /* OnboardingViewController.swift */,
				78137FD62833A78400F4621E /* TutorialViewController.swift */,
				786A00282839327500D0DAA4 /* CurrencyDataSourceTableViewController.swift */,
				78C39E04284CBF8600376365 /* BaseCurrencyTableViewController.swift */,
			);
			path = Settings;
			sourceTree = "<group>";
		};
		78F2716627CFDD6700381CA9 /* CurrencyView */ = {
			isa = PBXGroup;
			children = (
				78041C1C2786F9FA00C4D861 /* CurrencyViewController.swift */,
			);
			path = CurrencyView;
			sourceTree = "<group>";
		};
		78F2716727CFDD7200381CA9 /* ConverterView */ = {
			isa = PBXGroup;
			children = (
				786479A927981E410077ABC7 /* ConverterTableViewController.swift */,
				7852295E279B19E300507877 /* PickCurrencyTableViewController.swift */,
			);
			path = ConverterView;
			sourceTree = "<group>";
		};
		78F2716827CFDD9F00381CA9 /* CurrencyCell */ = {
			isa = PBXGroup;
			children = (
				78D3DA0B278731DD00A91511 /* CurrencyTableViewCell.swift */,
			);
			path = CurrencyCell;
			sourceTree = "<group>";
		};
		78F2716927CFDDAB00381CA9 /* ConverterCell */ = {
			isa = PBXGroup;
			children = (
				786479AB279825DF0077ABC7 /* ConverterTableViewCell.swift */,
				78522960279B1A1B00507877 /* PickCurrencyTableViewCell.swift */,
			);
			path = ConverterCell;
			sourceTree = "<group>";
		};
/* End PBXGroup section */

/* Begin PBXNativeTarget section */
		78041C142786F9FA00C4D861 /* Kursvalut */ = {
			isa = PBXNativeTarget;
			buildConfigurationList = 78041C2C2786F9FB00C4D861 /* Build configuration list for PBXNativeTarget "Kursvalut" */;
			buildPhases = (
				78041C112786F9FA00C4D861 /* Sources */,
				78041C122786F9FA00C4D861 /* Frameworks */,
				78041C132786F9FA00C4D861 /* Resources */,
			);
			buildRules = (
			);
			dependencies = (
			);
			name = Kursvalut;
			productName = Kursvalut;
			productReference = 78041C152786F9FA00C4D861 /* Kursvalut.app */;
			productType = "com.apple.product-type.application";
		};
/* End PBXNativeTarget section */

/* Begin PBXProject section */
		78041C0D2786F9FA00C4D861 /* Project object */ = {
			isa = PBXProject;
			attributes = {
				BuildIndependentTargetsInParallel = 1;
				LastSwiftUpdateCheck = 1320;
				LastUpgradeCheck = 1330;
				TargetAttributes = {
					78041C142786F9FA00C4D861 = {
						CreatedOnToolsVersion = 13.2.1;
					};
				};
			};
			buildConfigurationList = 78041C102786F9FA00C4D861 /* Build configuration list for PBXProject "Kursvalut" */;
			compatibilityVersion = "Xcode 13.0";
			developmentRegion = ru;
			hasScannedForEncodings = 0;
			knownRegions = (
				en,
				ru,
				Base,
			);
			mainGroup = 78041C0C2786F9FA00C4D861;
			productRefGroup = 78041C162786F9FA00C4D861 /* Products */;
			projectDirPath = "";
			projectRoot = "";
			targets = (
				78041C142786F9FA00C4D861 /* Kursvalut */,
			);
		};
/* End PBXProject section */

/* Begin PBXResourcesBuildPhase section */
		78041C132786F9FA00C4D861 /* Resources */ = {
			isa = PBXResourcesBuildPhase;
			buildActionMask = 2147483647;
			files = (
				78D3DA0A2787313D00A91511 /* Main.storyboard in Resources */,
				789FD81C288F065C0084468F /* NumpadView.xib in Resources */,
				78137FED2834127300F4621E /* changeConverterCell.gif in Resources */,
				78137FE52834047400F4621E /* changeCellOrder.gif in Resources */,
				78041C282786F9FB00C4D861 /* LaunchScreen.storyboard in Resources */,
				78137FF12834185D00F4621E /* pickCurrencyForConverter.gif in Resources */,
				78137FEB28340EBB00F4621E /* updateCellData.gif in Resources */,
				78BD46DB27F06B6D002AFDA1 /* PopupView.xib in Resources */,
				78871A4B2789F4F700321E98 /* README.md in Resources */,
				78041C252786F9FB00C4D861 /* Assets.xcassets in Resources */,
			);
			runOnlyForDeploymentPostprocessing = 0;
		};
/* End PBXResourcesBuildPhase section */

/* Begin PBXSourcesBuildPhase section */
		78041C112786F9FA00C4D861 /* Sources */ = {
			isa = PBXSourcesBuildPhase;
			buildActionMask = 2147483647;
			files = (
				78E9B79C27D7958A00BB5249 /* PrivacyPolicyTableViewCell.swift in Sources */,
				7838F90027885B86007D34AA /* BankOfRussiaCurrencyData.swift in Sources */,
				78137FDB2833EC1200F4621E /* UIImage+extension.swift in Sources */,
				783BCB9927CD288B00430992 /* DecimalsTableViewCell.swift in Sources */,
				78B9F55F2801B9F10030ECF4 /* SubSortTableViewCell.swift in Sources */,
				7802A17327D90C4400769693 /* AboutAppTableViewController.swift in Sources */,
				78B40A1327D659F60016D9E6 /* TermsOfUseTableViewCell.swift in Sources */,
				786A002D2839361300D0DAA4 /* PickedBaseCurrencyTableViewCell.swift in Sources */,
				78F13FF327CE9AD80076613A /* ConverterPreviewTableViewCell.swift in Sources */,
				7813102827D75FE000065410 /* SMailComposeViewController.swift in Sources */,
				7852295F279B19E300507877 /* PickCurrencyTableViewController.swift in Sources */,
				78041C1D2786F9FA00C4D861 /* CurrencyViewController.swift in Sources */,
				78BD46DF27F07460002AFDA1 /* PopupView.swift in Sources */,
				78D3DA0E2787687400A91511 /* CurrencyManager.swift in Sources */,
				78D531902793058B00EF65B2 /* CurrencyCoreDataManager.swift in Sources */,
				786C01A327DE50E300868EBE /* TipJarTableViewController.swift in Sources */,
				786A00292839327500D0DAA4 /* CurrencyDataSourceTableViewController.swift in Sources */,
				78C6FAF527D3C160002E35E9 /* ThemeTableViewController.swift in Sources */,
				7828734E28145BAC00B65D6F /* TutorialDescriptionTableViewCell.swift in Sources */,
				789A767227DA74F700B8EE06 /* AboutAppDataProvidersTableViewCell.swift in Sources */,
				7802A17727D924E200769693 /* AboutAppDeveloperTableViewCell.swift in Sources */,
				78EF7D7E280B3767000CFB46 /* OnboardingCollectionViewCell.swift in Sources */,
				78C6FAF727D3C188002E35E9 /* ThemeTableViewCell.swift in Sources */,
				78CEB9AB2813F83900AE0903 /* OnboardingTableViewCell.swift in Sources */,
				78E9B79A27D7956300BB5249 /* PrivacyPolicyViewController.swift in Sources */,
				78F2716D27CFE00400381CA9 /* StartViewTableViewCell.swift in Sources */,
				78137FD72833A78400F4621E /* TutorialViewController.swift in Sources */,
				786C01A527DE511400868EBE /* TipJarTableViewCell.swift in Sources */,
				78041C192786F9FA00C4D861 /* AppDelegate.swift in Sources */,
				78041C1B2786F9FA00C4D861 /* SceneDelegate.swift in Sources */,
				78E00279283EA57100EE9B4C /* ForexCurrencyData.swift in Sources */,
				789FD820288F06E70084468F /* NumpadButton.swift in Sources */,
				78522961279B1A1B00507877 /* PickCurrencyTableViewCell.swift in Sources */,
				78D3DA0C278731DD00A91511 /* CurrencyTableViewCell.swift in Sources */,
				786479AA27981E410077ABC7 /* ConverterTableViewController.swift in Sources */,
				7838F8FE278856CB007D34AA /* CurrencyNetworking.swift in Sources */,
				78F2716B27CFDF6000381CA9 /* StartViewTableViewController.swift in Sources */,
				786A002B283935CA00D0DAA4 /* DataSourceTableViewCell.swift in Sources */,
				780AA2EB280ADF7F00ECC3C4 /* OnboardingSlide.swift in Sources */,
				787D551927C9364400587653 /* SettingsTableViewController.swift in Sources */,
				786479AC279825DF0077ABC7 /* ConverterTableViewCell.swift in Sources */,
				78041C232786F9FA00C4D861 /* Kursvalut.xcdatamodeld in Sources */,
				78F13FF127CE9AC60076613A /* CurrencyPreviewTableViewCell.swift in Sources */,
				78B40A1027D659BB0016D9E6 /* TermsOfUseViewController.swift in Sources */,
				789FD81E288F06B80084468F /* NumpadView.swift in Sources */,
				780AA2E7280ACE9000ECC3C4 /* OnboardingViewController.swift in Sources */,
				78B9F55D2801B9B50030ECF4 /* MainSortTableViewCell.swift in Sources */,
				78B9F5612801BBAA0030ECF4 /* SortingSection.swift in Sources */,
				780AA2ED280AEA8D00ECC3C4 /* WelcomeOnboardingCollectionViewCell.swift in Sources */,
				78137FD92833D9AE00F4621E /* TutorialImageTableViewCell.swift in Sources */,
				7841735E27E6460000A35530 /* ProTableViewCell.swift in Sources */,
				787F0A5D27BADE0100DC5F0D /* ConverterManager.swift in Sources */,
				78B49AE427CBD3D5003C975D /* DecimalsTableViewController.swift in Sources */,
				78C39E05284CBF8600376365 /* BaseCurrencyTableViewController.swift in Sources */,
				7841735C27E645DE00A35530 /* ProViewController.swift in Sources */,
				78C39E07284CC0A000376365 /* BaseCurrencyTableViewCell.swift in Sources */,
				78B9F55B2801B5900030ECF4 /* SortingTableViewController.swift in Sources */,
			);
			runOnlyForDeploymentPostprocessing = 0;
		};
/* End PBXSourcesBuildPhase section */

/* Begin PBXVariantGroup section */
		78041C1E2786F9FA00C4D861 /* Main.storyboard */ = {
			isa = PBXVariantGroup;
			children = (
				78041C1F2786F9FA00C4D861 /* Base */,
			);
			name = Main.storyboard;
			sourceTree = "<group>";
		};
		78041C262786F9FB00C4D861 /* LaunchScreen.storyboard */ = {
			isa = PBXVariantGroup;
			children = (
				78041C272786F9FB00C4D861 /* Base */,
			);
			name = LaunchScreen.storyboard;
			sourceTree = "<group>";
		};
/* End PBXVariantGroup section */

/* Begin XCBuildConfiguration section */
		78041C2A2786F9FB00C4D861 /* Debug */ = {
			isa = XCBuildConfiguration;
			buildSettings = {
				ALWAYS_SEARCH_USER_PATHS = NO;
				CLANG_ANALYZER_LOCALIZABILITY_NONLOCALIZED = YES;
				CLANG_ANALYZER_NONNULL = YES;
				CLANG_ANALYZER_NUMBER_OBJECT_CONVERSION = YES_AGGRESSIVE;
				CLANG_CXX_LANGUAGE_STANDARD = "gnu++17";
				CLANG_CXX_LIBRARY = "libc++";
				CLANG_ENABLE_MODULES = YES;
				CLANG_ENABLE_OBJC_ARC = YES;
				CLANG_ENABLE_OBJC_WEAK = YES;
				CLANG_WARN_BLOCK_CAPTURE_AUTORELEASING = YES;
				CLANG_WARN_BOOL_CONVERSION = YES;
				CLANG_WARN_COMMA = YES;
				CLANG_WARN_CONSTANT_CONVERSION = YES;
				CLANG_WARN_DEPRECATED_OBJC_IMPLEMENTATIONS = YES;
				CLANG_WARN_DIRECT_OBJC_ISA_USAGE = YES_ERROR;
				CLANG_WARN_DOCUMENTATION_COMMENTS = YES;
				CLANG_WARN_EMPTY_BODY = YES;
				CLANG_WARN_ENUM_CONVERSION = YES;
				CLANG_WARN_INFINITE_RECURSION = YES;
				CLANG_WARN_INT_CONVERSION = YES;
				CLANG_WARN_NON_LITERAL_NULL_CONVERSION = YES;
				CLANG_WARN_OBJC_IMPLICIT_RETAIN_SELF = YES;
				CLANG_WARN_OBJC_LITERAL_CONVERSION = YES;
				CLANG_WARN_OBJC_ROOT_CLASS = YES_ERROR;
				CLANG_WARN_QUOTED_INCLUDE_IN_FRAMEWORK_HEADER = YES;
				CLANG_WARN_RANGE_LOOP_ANALYSIS = YES;
				CLANG_WARN_STRICT_PROTOTYPES = YES;
				CLANG_WARN_SUSPICIOUS_MOVE = YES;
				CLANG_WARN_UNGUARDED_AVAILABILITY = YES_AGGRESSIVE;
				CLANG_WARN_UNREACHABLE_CODE = YES;
				CLANG_WARN__DUPLICATE_METHOD_MATCH = YES;
				COPY_PHASE_STRIP = NO;
				DEBUG_INFORMATION_FORMAT = dwarf;
				ENABLE_STRICT_OBJC_MSGSEND = YES;
				ENABLE_TESTABILITY = YES;
				GCC_C_LANGUAGE_STANDARD = gnu11;
				GCC_DYNAMIC_NO_PIC = NO;
				GCC_NO_COMMON_BLOCKS = YES;
				GCC_OPTIMIZATION_LEVEL = 0;
				GCC_PREPROCESSOR_DEFINITIONS = (
					"DEBUG=1",
					"$(inherited)",
				);
				GCC_WARN_64_TO_32_BIT_CONVERSION = YES;
				GCC_WARN_ABOUT_RETURN_TYPE = YES_ERROR;
				GCC_WARN_UNDECLARED_SELECTOR = YES;
				GCC_WARN_UNINITIALIZED_AUTOS = YES_AGGRESSIVE;
				GCC_WARN_UNUSED_FUNCTION = YES;
				GCC_WARN_UNUSED_VARIABLE = YES;
				IPHONEOS_DEPLOYMENT_TARGET = 13.0;
				MTL_ENABLE_DEBUG_INFO = INCLUDE_SOURCE;
				MTL_FAST_MATH = YES;
				ONLY_ACTIVE_ARCH = YES;
				SDKROOT = iphoneos;
				SWIFT_ACTIVE_COMPILATION_CONDITIONS = DEBUG;
				SWIFT_OPTIMIZATION_LEVEL = "-Onone";
			};
			name = Debug;
		};
		78041C2B2786F9FB00C4D861 /* Release */ = {
			isa = XCBuildConfiguration;
			buildSettings = {
				ALWAYS_SEARCH_USER_PATHS = NO;
				CLANG_ANALYZER_LOCALIZABILITY_NONLOCALIZED = YES;
				CLANG_ANALYZER_NONNULL = YES;
				CLANG_ANALYZER_NUMBER_OBJECT_CONVERSION = YES_AGGRESSIVE;
				CLANG_CXX_LANGUAGE_STANDARD = "gnu++17";
				CLANG_CXX_LIBRARY = "libc++";
				CLANG_ENABLE_MODULES = YES;
				CLANG_ENABLE_OBJC_ARC = YES;
				CLANG_ENABLE_OBJC_WEAK = YES;
				CLANG_WARN_BLOCK_CAPTURE_AUTORELEASING = YES;
				CLANG_WARN_BOOL_CONVERSION = YES;
				CLANG_WARN_COMMA = YES;
				CLANG_WARN_CONSTANT_CONVERSION = YES;
				CLANG_WARN_DEPRECATED_OBJC_IMPLEMENTATIONS = YES;
				CLANG_WARN_DIRECT_OBJC_ISA_USAGE = YES_ERROR;
				CLANG_WARN_DOCUMENTATION_COMMENTS = YES;
				CLANG_WARN_EMPTY_BODY = YES;
				CLANG_WARN_ENUM_CONVERSION = YES;
				CLANG_WARN_INFINITE_RECURSION = YES;
				CLANG_WARN_INT_CONVERSION = YES;
				CLANG_WARN_NON_LITERAL_NULL_CONVERSION = YES;
				CLANG_WARN_OBJC_IMPLICIT_RETAIN_SELF = YES;
				CLANG_WARN_OBJC_LITERAL_CONVERSION = YES;
				CLANG_WARN_OBJC_ROOT_CLASS = YES_ERROR;
				CLANG_WARN_QUOTED_INCLUDE_IN_FRAMEWORK_HEADER = YES;
				CLANG_WARN_RANGE_LOOP_ANALYSIS = YES;
				CLANG_WARN_STRICT_PROTOTYPES = YES;
				CLANG_WARN_SUSPICIOUS_MOVE = YES;
				CLANG_WARN_UNGUARDED_AVAILABILITY = YES_AGGRESSIVE;
				CLANG_WARN_UNREACHABLE_CODE = YES;
				CLANG_WARN__DUPLICATE_METHOD_MATCH = YES;
				COPY_PHASE_STRIP = NO;
				DEBUG_INFORMATION_FORMAT = "dwarf-with-dsym";
				ENABLE_NS_ASSERTIONS = NO;
				ENABLE_STRICT_OBJC_MSGSEND = YES;
				GCC_C_LANGUAGE_STANDARD = gnu11;
				GCC_NO_COMMON_BLOCKS = YES;
				GCC_WARN_64_TO_32_BIT_CONVERSION = YES;
				GCC_WARN_ABOUT_RETURN_TYPE = YES_ERROR;
				GCC_WARN_UNDECLARED_SELECTOR = YES;
				GCC_WARN_UNINITIALIZED_AUTOS = YES_AGGRESSIVE;
				GCC_WARN_UNUSED_FUNCTION = YES;
				GCC_WARN_UNUSED_VARIABLE = YES;
				IPHONEOS_DEPLOYMENT_TARGET = 13.0;
				MTL_ENABLE_DEBUG_INFO = NO;
				MTL_FAST_MATH = YES;
				SDKROOT = iphoneos;
				SWIFT_COMPILATION_MODE = wholemodule;
				SWIFT_OPTIMIZATION_LEVEL = "-O";
				VALIDATE_PRODUCT = YES;
			};
			name = Release;
		};
		78041C2D2786F9FB00C4D861 /* Debug */ = {
			isa = XCBuildConfiguration;
			buildSettings = {
				ASSETCATALOG_COMPILER_APPICON_NAME = AppIcon;
				ASSETCATALOG_COMPILER_GLOBAL_ACCENT_COLOR_NAME = AccentColor;
				CODE_SIGN_STYLE = Automatic;
				CURRENT_PROJECT_VERSION = 1;
				DEVELOPMENT_TEAM = Y43668Q2S4;
				GENERATE_INFOPLIST_FILE = YES;
				INFOPLIST_FILE = Kursvalut/Info.plist;
				INFOPLIST_KEY_UIApplicationSupportsIndirectInputEvents = YES;
				INFOPLIST_KEY_UILaunchStoryboardName = LaunchScreen;
				INFOPLIST_KEY_UIMainStoryboardFile = Main;
				INFOPLIST_KEY_UISupportedInterfaceOrientations = "UIInterfaceOrientationPortrait UIInterfaceOrientationLandscapeLeft UIInterfaceOrientationLandscapeRight";
				INFOPLIST_KEY_UISupportedInterfaceOrientations_iPad = "UIInterfaceOrientationPortrait UIInterfaceOrientationPortraitUpsideDown UIInterfaceOrientationLandscapeLeft UIInterfaceOrientationLandscapeRight";
				INFOPLIST_KEY_UISupportedInterfaceOrientations_iPhone = "UIInterfaceOrientationPortrait UIInterfaceOrientationLandscapeLeft UIInterfaceOrientationLandscapeRight";
				LD_RUNPATH_SEARCH_PATHS = (
					"$(inherited)",
					"@executable_path/Frameworks",
				);
				MARKETING_VERSION = 2.1;
				PRODUCT_BUNDLE_IDENTIFIER = ru.igorcodes.kursvalut;
				PRODUCT_NAME = "$(TARGET_NAME)";
				SWIFT_EMIT_LOC_STRINGS = YES;
				SWIFT_VERSION = 5.0;
				TARGETED_DEVICE_FAMILY = "1,2";
			};
			name = Debug;
		};
		78041C2E2786F9FB00C4D861 /* Release */ = {
			isa = XCBuildConfiguration;
			buildSettings = {
				ASSETCATALOG_COMPILER_APPICON_NAME = AppIcon;
				ASSETCATALOG_COMPILER_GLOBAL_ACCENT_COLOR_NAME = AccentColor;
				CODE_SIGN_STYLE = Automatic;
				CURRENT_PROJECT_VERSION = 1;
				DEVELOPMENT_TEAM = Y43668Q2S4;
				GENERATE_INFOPLIST_FILE = YES;
				INFOPLIST_FILE = Kursvalut/Info.plist;
				INFOPLIST_KEY_UIApplicationSupportsIndirectInputEvents = YES;
				INFOPLIST_KEY_UILaunchStoryboardName = LaunchScreen;
				INFOPLIST_KEY_UIMainStoryboardFile = Main;
				INFOPLIST_KEY_UISupportedInterfaceOrientations = "UIInterfaceOrientationPortrait UIInterfaceOrientationLandscapeLeft UIInterfaceOrientationLandscapeRight";
				INFOPLIST_KEY_UISupportedInterfaceOrientations_iPad = "UIInterfaceOrientationPortrait UIInterfaceOrientationPortraitUpsideDown UIInterfaceOrientationLandscapeLeft UIInterfaceOrientationLandscapeRight";
				INFOPLIST_KEY_UISupportedInterfaceOrientations_iPhone = "UIInterfaceOrientationPortrait UIInterfaceOrientationLandscapeLeft UIInterfaceOrientationLandscapeRight";
				LD_RUNPATH_SEARCH_PATHS = (
					"$(inherited)",
					"@executable_path/Frameworks",
				);
				MARKETING_VERSION = 2.1;
				PRODUCT_BUNDLE_IDENTIFIER = ru.igorcodes.kursvalut;
				PRODUCT_NAME = "$(TARGET_NAME)";
				SWIFT_EMIT_LOC_STRINGS = YES;
				SWIFT_VERSION = 5.0;
				TARGETED_DEVICE_FAMILY = "1,2";
			};
			name = Release;
		};
/* End XCBuildConfiguration section */

/* Begin XCConfigurationList section */
		78041C102786F9FA00C4D861 /* Build configuration list for PBXProject "Kursvalut" */ = {
			isa = XCConfigurationList;
			buildConfigurations = (
				78041C2A2786F9FB00C4D861 /* Debug */,
				78041C2B2786F9FB00C4D861 /* Release */,
			);
			defaultConfigurationIsVisible = 0;
			defaultConfigurationName = Release;
		};
		78041C2C2786F9FB00C4D861 /* Build configuration list for PBXNativeTarget "Kursvalut" */ = {
			isa = XCConfigurationList;
			buildConfigurations = (
				78041C2D2786F9FB00C4D861 /* Debug */,
				78041C2E2786F9FB00C4D861 /* Release */,
			);
			defaultConfigurationIsVisible = 0;
			defaultConfigurationName = Release;
		};
/* End XCConfigurationList section */

/* Begin XCVersionGroup section */
		78041C212786F9FA00C4D861 /* Kursvalut.xcdatamodeld */ = {
			isa = XCVersionGroup;
			children = (
				78041C222786F9FA00C4D861 /* Kursvalut.xcdatamodel */,
			);
			currentVersion = 78041C222786F9FA00C4D861 /* Kursvalut.xcdatamodel */;
			path = Kursvalut.xcdatamodeld;
			sourceTree = "<group>";
			versionGroupType = wrapper.xcdatamodel;
		};
/* End XCVersionGroup section */
	};
	rootObject = 78041C0D2786F9FA00C4D861 /* Project object */;
}
